// !$*UTF8*$!
{
	archiveVersion = 1;
	classes = {
	};
	objectVersion = 56;
	objects = {

/* Begin PBXBuildFile section */
		6253F9D02958E598003F33A4 /* MVHSApp.swift in Sources */ = {isa = PBXBuildFile; fileRef = 6253F9CF2958E598003F33A4 /* MVHSApp.swift */; };
		6253F9D22958E598003F33A4 /* ContentView.swift in Sources */ = {isa = PBXBuildFile; fileRef = 6253F9D12958E598003F33A4 /* ContentView.swift */; };
		6253F9D42958E599003F33A4 /* Assets.xcassets in Resources */ = {isa = PBXBuildFile; fileRef = 6253F9D32958E599003F33A4 /* Assets.xcassets */; };
		6253F9D82958E599003F33A4 /* Preview Assets.xcassets in Resources */ = {isa = PBXBuildFile; fileRef = 6253F9D72958E599003F33A4 /* Preview Assets.xcassets */; };
		6253F9E22958E59A003F33A4 /* MVHSTests.swift in Sources */ = {isa = PBXBuildFile; fileRef = 6253F9E12958E59A003F33A4 /* MVHSTests.swift */; };
		6253F9EC2958E59A003F33A4 /* MVHSUITests.swift in Sources */ = {isa = PBXBuildFile; fileRef = 6253F9EB2958E59A003F33A4 /* MVHSUITests.swift */; };
		6253F9EE2958E59A003F33A4 /* MVHSUITestsLaunchTests.swift in Sources */ = {isa = PBXBuildFile; fileRef = 6253F9ED2958E59A003F33A4 /* MVHSUITestsLaunchTests.swift */; };
		6253F9FB2958E650003F33A4 /* TodayView.swift in Sources */ = {isa = PBXBuildFile; fileRef = 6253F9FA2958E650003F33A4 /* TodayView.swift */; };
		6253F9FE2958E698003F33A4 /* SFSafeSymbols in Frameworks */ = {isa = PBXBuildFile; productRef = 6253F9FD2958E698003F33A4 /* SFSafeSymbols */; };
		6253FA032958E6FC003F33A4 /* SharedScheduleInformation.swift in Sources */ = {isa = PBXBuildFile; fileRef = 6253FA022958E6FC003F33A4 /* SharedScheduleInformation.swift */; };
		6253FA052958E710003F33A4 /* TodayViewViewModel.swift in Sources */ = {isa = PBXBuildFile; fileRef = 6253FA042958E710003F33A4 /* TodayViewViewModel.swift */; };
		6253FA072958E764003F33A4 /* PeriodCategory.swift in Sources */ = {isa = PBXBuildFile; fileRef = 6253FA062958E764003F33A4 /* PeriodCategory.swift */; };
		6253FA0D2958E830003F33A4 /* SwiftUIVisualEffects in Frameworks */ = {isa = PBXBuildFile; productRef = 6253FA0C2958E830003F33A4 /* SwiftUIVisualEffects */; };
		6253FA282958E8BB003F33A4 /* Date.swift in Sources */ = {isa = PBXBuildFile; fileRef = 6253FA102958E8BB003F33A4 /* Date.swift */; };
		6253FA292958E8BB003F33A4 /* Array.swift in Sources */ = {isa = PBXBuildFile; fileRef = 6253FA112958E8BB003F33A4 /* Array.swift */; };
		6253FA2A2958E8BB003F33A4 /* Comparable.swift in Sources */ = {isa = PBXBuildFile; fileRef = 6253FA122958E8BB003F33A4 /* Comparable.swift */; };
		6253FA2B2958E8BB003F33A4 /* UIDevice.swift in Sources */ = {isa = PBXBuildFile; fileRef = 6253FA132958E8BB003F33A4 /* UIDevice.swift */; };
		6253FA2C2958E8BB003F33A4 /* Dictionary.swift in Sources */ = {isa = PBXBuildFile; fileRef = 6253FA142958E8BB003F33A4 /* Dictionary.swift */; };
		6253FA2D2958E8BB003F33A4 /* String.swift in Sources */ = {isa = PBXBuildFile; fileRef = 6253FA152958E8BB003F33A4 /* String.swift */; };
		6253FA2E2958E8BB003F33A4 /* DateFormatter.swift in Sources */ = {isa = PBXBuildFile; fileRef = 6253FA162958E8BB003F33A4 /* DateFormatter.swift */; };
		6253FA2F2958E8BB003F33A4 /* Double.swift in Sources */ = {isa = PBXBuildFile; fileRef = 6253FA172958E8BB003F33A4 /* Double.swift */; };
		6253FA302958E8BB003F33A4 /* Font.swift in Sources */ = {isa = PBXBuildFile; fileRef = 6253FA182958E8BB003F33A4 /* Font.swift */; };
		6253FA322958E8BB003F33A4 /* UIScreen.swift in Sources */ = {isa = PBXBuildFile; fileRef = 6253FA1A2958E8BB003F33A4 /* UIScreen.swift */; };
		6253FA332958E8BB003F33A4 /* TimeInterval.swift in Sources */ = {isa = PBXBuildFile; fileRef = 6253FA1B2958E8BB003F33A4 /* TimeInterval.swift */; };
		6253FA342958E8BB003F33A4 /* Calendar.swift in Sources */ = {isa = PBXBuildFile; fileRef = 6253FA1C2958E8BB003F33A4 /* Calendar.swift */; };
		6253FA352958E8BB003F33A4 /* KeychainWrapper.swift in Sources */ = {isa = PBXBuildFile; fileRef = 6253FA1E2958E8BB003F33A4 /* KeychainWrapper.swift */; };
		6253FA362958E8BB003F33A4 /* KeychainPublishedWrapper.swift in Sources */ = {isa = PBXBuildFile; fileRef = 6253FA1F2958E8BB003F33A4 /* KeychainPublishedWrapper.swift */; };
		6253FA372958E8BB003F33A4 /* KeychainAccessibility.swift in Sources */ = {isa = PBXBuildFile; fileRef = 6253FA202958E8BB003F33A4 /* KeychainAccessibility.swift */; };
		6253FA382958E8BB003F33A4 /* UserDefaultWrapper.swift in Sources */ = {isa = PBXBuildFile; fileRef = 6253FA222958E8BB003F33A4 /* UserDefaultWrapper.swift */; };
		6253FA392958E8BB003F33A4 /* HighlightButtonStyle.swift in Sources */ = {isa = PBXBuildFile; fileRef = 6253FA232958E8BB003F33A4 /* HighlightButtonStyle.swift */; };
		6253FA3A2958E8BB003F33A4 /* Bindings.swift in Sources */ = {isa = PBXBuildFile; fileRef = 6253FA242958E8BB003F33A4 /* Bindings.swift */; };
		6253FA3B2958E8BB003F33A4 /* RoundedCorners.swift in Sources */ = {isa = PBXBuildFile; fileRef = 6253FA252958E8BB003F33A4 /* RoundedCorners.swift */; };
		6253FA3C2958E8BB003F33A4 /* Miscellaneous.swift in Sources */ = {isa = PBXBuildFile; fileRef = 6253FA262958E8BB003F33A4 /* Miscellaneous.swift */; };
		6253FA422958E93F003F33A4 /* ClassPeriod.swift in Sources */ = {isa = PBXBuildFile; fileRef = 6253FA3E2958E93F003F33A4 /* ClassPeriod.swift */; };
		6253FA442958E93F003F33A4 /* ScheduleDay.swift in Sources */ = {isa = PBXBuildFile; fileRef = 6253FA402958E93F003F33A4 /* ScheduleDay.swift */; };
		6253FA452958E93F003F33A4 /* ScheduleWeek.swift in Sources */ = {isa = PBXBuildFile; fileRef = 6253FA412958E93F003F33A4 /* ScheduleWeek.swift */; };
		6253FA472958E949003F33A4 /* ScheduleDateHelper.swift in Sources */ = {isa = PBXBuildFile; fileRef = 6253FA462958E949003F33A4 /* ScheduleDateHelper.swift */; };
		6253FA492958E9EC003F33A4 /* AnnouncementResponse.swift in Sources */ = {isa = PBXBuildFile; fileRef = 6253FA482958E9EC003F33A4 /* AnnouncementResponse.swift */; };
		6253FA4B2958EA34003F33A4 /* HapticsManager.swift in Sources */ = {isa = PBXBuildFile; fileRef = 6253FA4A2958EA34003F33A4 /* HapticsManager.swift */; };
		6253FA4D2958EA95003F33A4 /* TodayHeroView.swift in Sources */ = {isa = PBXBuildFile; fileRef = 6253FA4C2958EA95003F33A4 /* TodayHeroView.swift */; };
		6253FA5B295A3020003F33A4 /* ProgressRingView.swift in Sources */ = {isa = PBXBuildFile; fileRef = 6253FA53295A3020003F33A4 /* ProgressRingView.swift */; };
		6253FA5C295A3020003F33A4 /* ProgressCountdown.swift in Sources */ = {isa = PBXBuildFile; fileRef = 6253FA54295A3020003F33A4 /* ProgressCountdown.swift */; };
		6253FA5E295A3020003F33A4 /* AnnoucementBanner.swift in Sources */ = {isa = PBXBuildFile; fileRef = 6253FA57295A3020003F33A4 /* AnnoucementBanner.swift */; };
		6253FA61295A3030003F33A4 /* Constants.swift in Sources */ = {isa = PBXBuildFile; fileRef = 6253FA60295A3030003F33A4 /* Constants.swift */; };
		6253FA63295A30D8003F33A4 /* Color.swift in Sources */ = {isa = PBXBuildFile; fileRef = 6253FA62295A30D8003F33A4 /* Color.swift */; };
		6253FA65295A3153003F33A4 /* Colors.swift in Sources */ = {isa = PBXBuildFile; fileRef = 6253FA64295A3153003F33A4 /* Colors.swift */; };
		6253FA67295A3210003F33A4 /* ScheduleDetailView.swift in Sources */ = {isa = PBXBuildFile; fileRef = 6253FA66295A3210003F33A4 /* ScheduleDetailView.swift */; };
		6253FA69295A32A9003F33A4 /* PeriodBlockItem.swift in Sources */ = {isa = PBXBuildFile; fileRef = 6253FA68295A32A9003F33A4 /* PeriodBlockItem.swift */; };
		6253FA6B295A330B003F33A4 /* AnimatedBlurBackground.swift in Sources */ = {isa = PBXBuildFile; fileRef = 6253FA6A295A330B003F33A4 /* AnimatedBlurBackground.swift */; };
		6253FA6D295A4EBB003F33A4 /* AllNews.json in Resources */ = {isa = PBXBuildFile; fileRef = 6253FA6C295A4EBB003F33A4 /* AllNews.json */; };
		6253FA70295A4F04003F33A4 /* SwiftyJSON in Frameworks */ = {isa = PBXBuildFile; productRef = 6253FA6F295A4F04003F33A4 /* SwiftyJSON */; };
		6253FA7D295A4F26003F33A4 /* NewsView.swift in Sources */ = {isa = PBXBuildFile; fileRef = 6253FA72295A4F26003F33A4 /* NewsView.swift */; };
		6253FA7E295A4F26003F33A4 /* NewsNavigationBarButtons.swift in Sources */ = {isa = PBXBuildFile; fileRef = 6253FA75295A4F26003F33A4 /* NewsNavigationBarButtons.swift */; };
		6253FA7F295A4F26003F33A4 /* HorizontalLabelButton.swift in Sources */ = {isa = PBXBuildFile; fileRef = 6253FA76295A4F26003F33A4 /* HorizontalLabelButton.swift */; };
		6253FA80295A4F26003F33A4 /* NewsSelectionButtons.swift in Sources */ = {isa = PBXBuildFile; fileRef = 6253FA77295A4F26003F33A4 /* NewsSelectionButtons.swift */; };
		6253FA81295A4F26003F33A4 /* NewsEntry.swift in Sources */ = {isa = PBXBuildFile; fileRef = 6253FA78295A4F26003F33A4 /* NewsEntry.swift */; };
		6253FA82295A4F26003F33A4 /* NewsEntryListItem.swift in Sources */ = {isa = PBXBuildFile; fileRef = 6253FA79295A4F26003F33A4 /* NewsEntryListItem.swift */; };
		6253FA83295A4F26003F33A4 /* NewsDetailedView.swift in Sources */ = {isa = PBXBuildFile; fileRef = 6253FA7A295A4F26003F33A4 /* NewsDetailedView.swift */; };
		6253FA84295A4F26003F33A4 /* WKWebViewRepresentable.swift in Sources */ = {isa = PBXBuildFile; fileRef = 6253FA7B295A4F26003F33A4 /* WKWebViewRepresentable.swift */; };
		6253FA85295A4F26003F33A4 /* NewsViewViewModel.swift in Sources */ = {isa = PBXBuildFile; fileRef = 6253FA7C295A4F26003F33A4 /* NewsViewViewModel.swift */; };
		6253FA88295A4F43003F33A4 /* Kingfisher in Frameworks */ = {isa = PBXBuildFile; productRef = 6253FA87295A4F43003F33A4 /* Kingfisher */; };
		62D5FA232A7B069A007754E7 /* URL.swift in Sources */ = {isa = PBXBuildFile; fileRef = 62D5FA222A7B069A007754E7 /* URL.swift */; };
/* End PBXBuildFile section */

/* Begin PBXContainerItemProxy section */
		6253F9DE2958E59A003F33A4 /* PBXContainerItemProxy */ = {
			isa = PBXContainerItemProxy;
			containerPortal = 6253F9C42958E598003F33A4 /* Project object */;
			proxyType = 1;
			remoteGlobalIDString = 6253F9CB2958E598003F33A4;
			remoteInfo = MVHS;
		};
		6253F9E82958E59A003F33A4 /* PBXContainerItemProxy */ = {
			isa = PBXContainerItemProxy;
			containerPortal = 6253F9C42958E598003F33A4 /* Project object */;
			proxyType = 1;
			remoteGlobalIDString = 6253F9CB2958E598003F33A4;
			remoteInfo = MVHS;
		};
/* End PBXContainerItemProxy section */

/* Begin PBXFileReference section */
		6253F9CC2958E598003F33A4 /* MVHS.app */ = {isa = PBXFileReference; explicitFileType = wrapper.application; includeInIndex = 0; path = MVHS.app; sourceTree = BUILT_PRODUCTS_DIR; };
		6253F9CF2958E598003F33A4 /* MVHSApp.swift */ = {isa = PBXFileReference; lastKnownFileType = sourcecode.swift; path = MVHSApp.swift; sourceTree = "<group>"; };
		6253F9D12958E598003F33A4 /* ContentView.swift */ = {isa = PBXFileReference; lastKnownFileType = sourcecode.swift; path = ContentView.swift; sourceTree = "<group>"; };
		6253F9D32958E599003F33A4 /* Assets.xcassets */ = {isa = PBXFileReference; lastKnownFileType = folder.assetcatalog; path = Assets.xcassets; sourceTree = "<group>"; };
		6253F9D52958E599003F33A4 /* MVHS.entitlements */ = {isa = PBXFileReference; lastKnownFileType = text.plist.entitlements; path = MVHS.entitlements; sourceTree = "<group>"; };
		6253F9D72958E599003F33A4 /* Preview Assets.xcassets */ = {isa = PBXFileReference; lastKnownFileType = folder.assetcatalog; path = "Preview Assets.xcassets"; sourceTree = "<group>"; };
		6253F9DD2958E59A003F33A4 /* MVHSTests.xctest */ = {isa = PBXFileReference; explicitFileType = wrapper.cfbundle; includeInIndex = 0; path = MVHSTests.xctest; sourceTree = BUILT_PRODUCTS_DIR; };
		6253F9E12958E59A003F33A4 /* MVHSTests.swift */ = {isa = PBXFileReference; lastKnownFileType = sourcecode.swift; path = MVHSTests.swift; sourceTree = "<group>"; };
		6253F9E72958E59A003F33A4 /* MVHSUITests.xctest */ = {isa = PBXFileReference; explicitFileType = wrapper.cfbundle; includeInIndex = 0; path = MVHSUITests.xctest; sourceTree = BUILT_PRODUCTS_DIR; };
		6253F9EB2958E59A003F33A4 /* MVHSUITests.swift */ = {isa = PBXFileReference; lastKnownFileType = sourcecode.swift; path = MVHSUITests.swift; sourceTree = "<group>"; };
		6253F9ED2958E59A003F33A4 /* MVHSUITestsLaunchTests.swift */ = {isa = PBXFileReference; lastKnownFileType = sourcecode.swift; path = MVHSUITestsLaunchTests.swift; sourceTree = "<group>"; };
		6253F9FA2958E650003F33A4 /* TodayView.swift */ = {isa = PBXFileReference; lastKnownFileType = sourcecode.swift; path = TodayView.swift; sourceTree = "<group>"; };
		6253FA022958E6FC003F33A4 /* SharedScheduleInformation.swift */ = {isa = PBXFileReference; lastKnownFileType = sourcecode.swift; path = SharedScheduleInformation.swift; sourceTree = "<group>"; };
		6253FA042958E710003F33A4 /* TodayViewViewModel.swift */ = {isa = PBXFileReference; lastKnownFileType = sourcecode.swift; path = TodayViewViewModel.swift; sourceTree = "<group>"; };
		6253FA062958E764003F33A4 /* PeriodCategory.swift */ = {isa = PBXFileReference; lastKnownFileType = sourcecode.swift; path = PeriodCategory.swift; sourceTree = "<group>"; };
		6253FA102958E8BB003F33A4 /* Date.swift */ = {isa = PBXFileReference; fileEncoding = 4; lastKnownFileType = sourcecode.swift; path = Date.swift; sourceTree = "<group>"; };
		6253FA112958E8BB003F33A4 /* Array.swift */ = {isa = PBXFileReference; fileEncoding = 4; lastKnownFileType = sourcecode.swift; path = Array.swift; sourceTree = "<group>"; };
		6253FA122958E8BB003F33A4 /* Comparable.swift */ = {isa = PBXFileReference; fileEncoding = 4; lastKnownFileType = sourcecode.swift; path = Comparable.swift; sourceTree = "<group>"; };
		6253FA132958E8BB003F33A4 /* UIDevice.swift */ = {isa = PBXFileReference; fileEncoding = 4; lastKnownFileType = sourcecode.swift; path = UIDevice.swift; sourceTree = "<group>"; };
		6253FA142958E8BB003F33A4 /* Dictionary.swift */ = {isa = PBXFileReference; fileEncoding = 4; lastKnownFileType = sourcecode.swift; path = Dictionary.swift; sourceTree = "<group>"; };
		6253FA152958E8BB003F33A4 /* String.swift */ = {isa = PBXFileReference; fileEncoding = 4; lastKnownFileType = sourcecode.swift; path = String.swift; sourceTree = "<group>"; };
		6253FA162958E8BB003F33A4 /* DateFormatter.swift */ = {isa = PBXFileReference; fileEncoding = 4; lastKnownFileType = sourcecode.swift; path = DateFormatter.swift; sourceTree = "<group>"; };
		6253FA172958E8BB003F33A4 /* Double.swift */ = {isa = PBXFileReference; fileEncoding = 4; lastKnownFileType = sourcecode.swift; path = Double.swift; sourceTree = "<group>"; };
		6253FA182958E8BB003F33A4 /* Font.swift */ = {isa = PBXFileReference; fileEncoding = 4; lastKnownFileType = sourcecode.swift; path = Font.swift; sourceTree = "<group>"; };
		6253FA1A2958E8BB003F33A4 /* UIScreen.swift */ = {isa = PBXFileReference; fileEncoding = 4; lastKnownFileType = sourcecode.swift; path = UIScreen.swift; sourceTree = "<group>"; };
		6253FA1B2958E8BB003F33A4 /* TimeInterval.swift */ = {isa = PBXFileReference; fileEncoding = 4; lastKnownFileType = sourcecode.swift; path = TimeInterval.swift; sourceTree = "<group>"; };
		6253FA1C2958E8BB003F33A4 /* Calendar.swift */ = {isa = PBXFileReference; fileEncoding = 4; lastKnownFileType = sourcecode.swift; path = Calendar.swift; sourceTree = "<group>"; };
		6253FA1E2958E8BB003F33A4 /* KeychainWrapper.swift */ = {isa = PBXFileReference; fileEncoding = 4; lastKnownFileType = sourcecode.swift; path = KeychainWrapper.swift; sourceTree = "<group>"; };
		6253FA1F2958E8BB003F33A4 /* KeychainPublishedWrapper.swift */ = {isa = PBXFileReference; fileEncoding = 4; lastKnownFileType = sourcecode.swift; path = KeychainPublishedWrapper.swift; sourceTree = "<group>"; };
		6253FA202958E8BB003F33A4 /* KeychainAccessibility.swift */ = {isa = PBXFileReference; fileEncoding = 4; lastKnownFileType = sourcecode.swift; path = KeychainAccessibility.swift; sourceTree = "<group>"; };
		6253FA222958E8BB003F33A4 /* UserDefaultWrapper.swift */ = {isa = PBXFileReference; fileEncoding = 4; lastKnownFileType = sourcecode.swift; path = UserDefaultWrapper.swift; sourceTree = "<group>"; };
		6253FA232958E8BB003F33A4 /* HighlightButtonStyle.swift */ = {isa = PBXFileReference; fileEncoding = 4; lastKnownFileType = sourcecode.swift; path = HighlightButtonStyle.swift; sourceTree = "<group>"; };
		6253FA242958E8BB003F33A4 /* Bindings.swift */ = {isa = PBXFileReference; fileEncoding = 4; lastKnownFileType = sourcecode.swift; path = Bindings.swift; sourceTree = "<group>"; };
		6253FA252958E8BB003F33A4 /* RoundedCorners.swift */ = {isa = PBXFileReference; fileEncoding = 4; lastKnownFileType = sourcecode.swift; path = RoundedCorners.swift; sourceTree = "<group>"; };
		6253FA262958E8BB003F33A4 /* Miscellaneous.swift */ = {isa = PBXFileReference; fileEncoding = 4; lastKnownFileType = sourcecode.swift; path = Miscellaneous.swift; sourceTree = "<group>"; };
		6253FA3E2958E93F003F33A4 /* ClassPeriod.swift */ = {isa = PBXFileReference; fileEncoding = 4; lastKnownFileType = sourcecode.swift; path = ClassPeriod.swift; sourceTree = "<group>"; };
		6253FA402958E93F003F33A4 /* ScheduleDay.swift */ = {isa = PBXFileReference; fileEncoding = 4; lastKnownFileType = sourcecode.swift; path = ScheduleDay.swift; sourceTree = "<group>"; };
		6253FA412958E93F003F33A4 /* ScheduleWeek.swift */ = {isa = PBXFileReference; fileEncoding = 4; lastKnownFileType = sourcecode.swift; path = ScheduleWeek.swift; sourceTree = "<group>"; };
		6253FA462958E949003F33A4 /* ScheduleDateHelper.swift */ = {isa = PBXFileReference; lastKnownFileType = sourcecode.swift; path = ScheduleDateHelper.swift; sourceTree = "<group>"; };
		6253FA482958E9EC003F33A4 /* AnnouncementResponse.swift */ = {isa = PBXFileReference; lastKnownFileType = sourcecode.swift; path = AnnouncementResponse.swift; sourceTree = "<group>"; };
		6253FA4A2958EA34003F33A4 /* HapticsManager.swift */ = {isa = PBXFileReference; lastKnownFileType = sourcecode.swift; path = HapticsManager.swift; sourceTree = "<group>"; };
		6253FA4C2958EA95003F33A4 /* TodayHeroView.swift */ = {isa = PBXFileReference; fileEncoding = 4; lastKnownFileType = sourcecode.swift; path = TodayHeroView.swift; sourceTree = "<group>"; };
		6253FA53295A3020003F33A4 /* ProgressRingView.swift */ = {isa = PBXFileReference; fileEncoding = 4; lastKnownFileType = sourcecode.swift; path = ProgressRingView.swift; sourceTree = "<group>"; };
		6253FA54295A3020003F33A4 /* ProgressCountdown.swift */ = {isa = PBXFileReference; fileEncoding = 4; lastKnownFileType = sourcecode.swift; path = ProgressCountdown.swift; sourceTree = "<group>"; };
		6253FA57295A3020003F33A4 /* AnnoucementBanner.swift */ = {isa = PBXFileReference; fileEncoding = 4; lastKnownFileType = sourcecode.swift; path = AnnoucementBanner.swift; sourceTree = "<group>"; };
		6253FA60295A3030003F33A4 /* Constants.swift */ = {isa = PBXFileReference; fileEncoding = 4; lastKnownFileType = sourcecode.swift; path = Constants.swift; sourceTree = "<group>"; };
		6253FA62295A30D8003F33A4 /* Color.swift */ = {isa = PBXFileReference; lastKnownFileType = sourcecode.swift; path = Color.swift; sourceTree = "<group>"; };
		6253FA64295A3153003F33A4 /* Colors.swift */ = {isa = PBXFileReference; fileEncoding = 4; lastKnownFileType = sourcecode.swift; path = Colors.swift; sourceTree = "<group>"; };
		6253FA66295A3210003F33A4 /* ScheduleDetailView.swift */ = {isa = PBXFileReference; fileEncoding = 4; lastKnownFileType = sourcecode.swift; path = ScheduleDetailView.swift; sourceTree = "<group>"; };
		6253FA68295A32A9003F33A4 /* PeriodBlockItem.swift */ = {isa = PBXFileReference; fileEncoding = 4; lastKnownFileType = sourcecode.swift; path = PeriodBlockItem.swift; sourceTree = "<group>"; };
		6253FA6A295A330B003F33A4 /* AnimatedBlurBackground.swift */ = {isa = PBXFileReference; fileEncoding = 4; lastKnownFileType = sourcecode.swift; path = AnimatedBlurBackground.swift; sourceTree = "<group>"; };
		6253FA6C295A4EBB003F33A4 /* AllNews.json */ = {isa = PBXFileReference; lastKnownFileType = text.json; path = AllNews.json; sourceTree = "<group>"; };
		6253FA72295A4F26003F33A4 /* NewsView.swift */ = {isa = PBXFileReference; fileEncoding = 4; lastKnownFileType = sourcecode.swift; path = NewsView.swift; sourceTree = "<group>"; };
		6253FA75295A4F26003F33A4 /* NewsNavigationBarButtons.swift */ = {isa = PBXFileReference; fileEncoding = 4; lastKnownFileType = sourcecode.swift; path = NewsNavigationBarButtons.swift; sourceTree = "<group>"; };
		6253FA76295A4F26003F33A4 /* HorizontalLabelButton.swift */ = {isa = PBXFileReference; fileEncoding = 4; lastKnownFileType = sourcecode.swift; path = HorizontalLabelButton.swift; sourceTree = "<group>"; };
		6253FA77295A4F26003F33A4 /* NewsSelectionButtons.swift */ = {isa = PBXFileReference; fileEncoding = 4; lastKnownFileType = sourcecode.swift; path = NewsSelectionButtons.swift; sourceTree = "<group>"; };
		6253FA78295A4F26003F33A4 /* NewsEntry.swift */ = {isa = PBXFileReference; fileEncoding = 4; lastKnownFileType = sourcecode.swift; path = NewsEntry.swift; sourceTree = "<group>"; };
		6253FA79295A4F26003F33A4 /* NewsEntryListItem.swift */ = {isa = PBXFileReference; fileEncoding = 4; lastKnownFileType = sourcecode.swift; path = NewsEntryListItem.swift; sourceTree = "<group>"; };
		6253FA7A295A4F26003F33A4 /* NewsDetailedView.swift */ = {isa = PBXFileReference; fileEncoding = 4; lastKnownFileType = sourcecode.swift; path = NewsDetailedView.swift; sourceTree = "<group>"; };
		6253FA7B295A4F26003F33A4 /* WKWebViewRepresentable.swift */ = {isa = PBXFileReference; fileEncoding = 4; lastKnownFileType = sourcecode.swift; path = WKWebViewRepresentable.swift; sourceTree = "<group>"; };
		6253FA7C295A4F26003F33A4 /* NewsViewViewModel.swift */ = {isa = PBXFileReference; fileEncoding = 4; lastKnownFileType = sourcecode.swift; path = NewsViewViewModel.swift; sourceTree = "<group>"; };
		62D5FA222A7B069A007754E7 /* URL.swift */ = {isa = PBXFileReference; lastKnownFileType = sourcecode.swift; path = URL.swift; sourceTree = "<group>"; };
/* End PBXFileReference section */

/* Begin PBXFrameworksBuildPhase section */
		6253F9C92958E598003F33A4 /* Frameworks */ = {
			isa = PBXFrameworksBuildPhase;
			buildActionMask = 2147483647;
			files = (
				6253FA88295A4F43003F33A4 /* Kingfisher in Frameworks */,
				6253FA70295A4F04003F33A4 /* SwiftyJSON in Frameworks */,
				6253F9FE2958E698003F33A4 /* SFSafeSymbols in Frameworks */,
				6253FA0D2958E830003F33A4 /* SwiftUIVisualEffects in Frameworks */,
			);
			runOnlyForDeploymentPostprocessing = 0;
		};
		6253F9DA2958E59A003F33A4 /* Frameworks */ = {
			isa = PBXFrameworksBuildPhase;
			buildActionMask = 2147483647;
			files = (
			);
			runOnlyForDeploymentPostprocessing = 0;
		};
		6253F9E42958E59A003F33A4 /* Frameworks */ = {
			isa = PBXFrameworksBuildPhase;
			buildActionMask = 2147483647;
			files = (
			);
			runOnlyForDeploymentPostprocessing = 0;
		};
/* End PBXFrameworksBuildPhase section */

/* Begin PBXGroup section */
		6253F9C32958E598003F33A4 = {
			isa = PBXGroup;
			children = (
				6253FA62295A30D8003F33A4 /* Color.swift */,
				6253F9CE2958E598003F33A4 /* MVHS */,
				6253F9E02958E59A003F33A4 /* MVHSTests */,
				6253F9EA2958E59A003F33A4 /* MVHSUITests */,
				6253F9CD2958E598003F33A4 /* Products */,
				6253FA082958E7C3003F33A4 /* Frameworks */,
			);
			sourceTree = "<group>";
		};
		6253F9CD2958E598003F33A4 /* Products */ = {
			isa = PBXGroup;
			children = (
				6253F9CC2958E598003F33A4 /* MVHS.app */,
				6253F9DD2958E59A003F33A4 /* MVHSTests.xctest */,
				6253F9E72958E59A003F33A4 /* MVHSUITests.xctest */,
			);
			name = Products;
			sourceTree = "<group>";
		};
		6253F9CE2958E598003F33A4 /* MVHS */ = {
			isa = PBXGroup;
			children = (
				6253FA71295A4F26003F33A4 /* NewsView */,
				6253FA6A295A330B003F33A4 /* AnimatedBlurBackground.swift */,
				6253FA68295A32A9003F33A4 /* PeriodBlockItem.swift */,
				6253FA66295A3210003F33A4 /* ScheduleDetailView.swift */,
				6253FA60295A3030003F33A4 /* Constants.swift */,
				6253FA4E295A3020003F33A4 /* Components */,
				6253FA4C2958EA95003F33A4 /* TodayHeroView.swift */,
				6253FA3E2958E93F003F33A4 /* ClassPeriod.swift */,
				6253FA402958E93F003F33A4 /* ScheduleDay.swift */,
				6253FA412958E93F003F33A4 /* ScheduleWeek.swift */,
				6253FA0E2958E8BB003F33A4 /* Utility */,
				6253F9CF2958E598003F33A4 /* MVHSApp.swift */,
				6253F9D12958E598003F33A4 /* ContentView.swift */,
				6253F9D32958E599003F33A4 /* Assets.xcassets */,
				6253F9D52958E599003F33A4 /* MVHS.entitlements */,
				6253F9D62958E599003F33A4 /* Preview Content */,
				6253F9FA2958E650003F33A4 /* TodayView.swift */,
				6253FA022958E6FC003F33A4 /* SharedScheduleInformation.swift */,
				6253FA042958E710003F33A4 /* TodayViewViewModel.swift */,
				6253FA062958E764003F33A4 /* PeriodCategory.swift */,
				6253FA462958E949003F33A4 /* ScheduleDateHelper.swift */,
				6253FA482958E9EC003F33A4 /* AnnouncementResponse.swift */,
				6253FA6C295A4EBB003F33A4 /* AllNews.json */,
			);
			path = MVHS;
			sourceTree = "<group>";
		};
		6253F9D62958E599003F33A4 /* Preview Content */ = {
			isa = PBXGroup;
			children = (
				6253F9D72958E599003F33A4 /* Preview Assets.xcassets */,
			);
			path = "Preview Content";
			sourceTree = "<group>";
		};
		6253F9E02958E59A003F33A4 /* MVHSTests */ = {
			isa = PBXGroup;
			children = (
				6253F9E12958E59A003F33A4 /* MVHSTests.swift */,
			);
			path = MVHSTests;
			sourceTree = "<group>";
		};
		6253F9EA2958E59A003F33A4 /* MVHSUITests */ = {
			isa = PBXGroup;
			children = (
				6253F9EB2958E59A003F33A4 /* MVHSUITests.swift */,
				6253F9ED2958E59A003F33A4 /* MVHSUITestsLaunchTests.swift */,
			);
			path = MVHSUITests;
			sourceTree = "<group>";
		};
		6253FA082958E7C3003F33A4 /* Frameworks */ = {
			isa = PBXGroup;
			children = (
			);
			name = Frameworks;
			sourceTree = "<group>";
		};
		6253FA0E2958E8BB003F33A4 /* Utility */ = {
			isa = PBXGroup;
			children = (
				6253FA0F2958E8BB003F33A4 /* Extensions */,
				6253FA1D2958E8BB003F33A4 /* Keychain */,
				6253FA212958E8BB003F33A4 /* SwiftUI */,
				6253FA4A2958EA34003F33A4 /* HapticsManager.swift */,
			);
			path = Utility;
			sourceTree = "<group>";
		};
		6253FA0F2958E8BB003F33A4 /* Extensions */ = {
			isa = PBXGroup;
			children = (
				6253FA64295A3153003F33A4 /* Colors.swift */,
				6253FA102958E8BB003F33A4 /* Date.swift */,
				6253FA112958E8BB003F33A4 /* Array.swift */,
				6253FA122958E8BB003F33A4 /* Comparable.swift */,
				6253FA132958E8BB003F33A4 /* UIDevice.swift */,
				6253FA142958E8BB003F33A4 /* Dictionary.swift */,
				6253FA152958E8BB003F33A4 /* String.swift */,
				6253FA162958E8BB003F33A4 /* DateFormatter.swift */,
				6253FA172958E8BB003F33A4 /* Double.swift */,
				6253FA182958E8BB003F33A4 /* Font.swift */,
				6253FA1A2958E8BB003F33A4 /* UIScreen.swift */,
				6253FA1B2958E8BB003F33A4 /* TimeInterval.swift */,
				6253FA1C2958E8BB003F33A4 /* Calendar.swift */,
				62D5FA222A7B069A007754E7 /* URL.swift */,
			);
			path = Extensions;
			sourceTree = "<group>";
		};
		6253FA1D2958E8BB003F33A4 /* Keychain */ = {
			isa = PBXGroup;
			children = (
				6253FA1E2958E8BB003F33A4 /* KeychainWrapper.swift */,
				6253FA1F2958E8BB003F33A4 /* KeychainPublishedWrapper.swift */,
				6253FA202958E8BB003F33A4 /* KeychainAccessibility.swift */,
			);
			path = Keychain;
			sourceTree = "<group>";
		};
		6253FA212958E8BB003F33A4 /* SwiftUI */ = {
			isa = PBXGroup;
			children = (
				6253FA222958E8BB003F33A4 /* UserDefaultWrapper.swift */,
				6253FA232958E8BB003F33A4 /* HighlightButtonStyle.swift */,
				6253FA242958E8BB003F33A4 /* Bindings.swift */,
				6253FA252958E8BB003F33A4 /* RoundedCorners.swift */,
				6253FA262958E8BB003F33A4 /* Miscellaneous.swift */,
			);
			path = SwiftUI;
			sourceTree = "<group>";
		};
		6253FA4E295A3020003F33A4 /* Components */ = {
			isa = PBXGroup;
			children = (
				6253FA52295A3020003F33A4 /* ProgressRing */,
				6253FA55295A3020003F33A4 /* TodayView */,
			);
			path = Components;
			sourceTree = "<group>";
		};
		6253FA52295A3020003F33A4 /* ProgressRing */ = {
			isa = PBXGroup;
			children = (
				6253FA53295A3020003F33A4 /* ProgressRingView.swift */,
				6253FA54295A3020003F33A4 /* ProgressCountdown.swift */,
			);
			path = ProgressRing;
			sourceTree = "<group>";
		};
		6253FA55295A3020003F33A4 /* TodayView */ = {
			isa = PBXGroup;
			children = (
				6253FA57295A3020003F33A4 /* AnnoucementBanner.swift */,
			);
			path = TodayView;
			sourceTree = "<group>";
		};
		6253FA71295A4F26003F33A4 /* NewsView */ = {
			isa = PBXGroup;
			children = (
				6253FA72295A4F26003F33A4 /* NewsView.swift */,
				6253FA73295A4F26003F33A4 /* Components */,
				6253FA7C295A4F26003F33A4 /* NewsViewViewModel.swift */,
			);
			path = NewsView;
			sourceTree = "<group>";
		};
		6253FA73295A4F26003F33A4 /* Components */ = {
			isa = PBXGroup;
			children = (
				6253FA74295A4F26003F33A4 /* Buttons */,
				6253FA78295A4F26003F33A4 /* NewsEntry.swift */,
				6253FA79295A4F26003F33A4 /* NewsEntryListItem.swift */,
				6253FA7A295A4F26003F33A4 /* NewsDetailedView.swift */,
				6253FA7B295A4F26003F33A4 /* WKWebViewRepresentable.swift */,
			);
			path = Components;
			sourceTree = "<group>";
		};
		6253FA74295A4F26003F33A4 /* Buttons */ = {
			isa = PBXGroup;
			children = (
				6253FA75295A4F26003F33A4 /* NewsNavigationBarButtons.swift */,
				6253FA76295A4F26003F33A4 /* HorizontalLabelButton.swift */,
				6253FA77295A4F26003F33A4 /* NewsSelectionButtons.swift */,
			);
			path = Buttons;
			sourceTree = "<group>";
		};
/* End PBXGroup section */

/* Begin PBXNativeTarget section */
		6253F9CB2958E598003F33A4 /* MVHS */ = {
			isa = PBXNativeTarget;
			buildConfigurationList = 6253F9F12958E59A003F33A4 /* Build configuration list for PBXNativeTarget "MVHS" */;
			buildPhases = (
				6253F9C82958E598003F33A4 /* Sources */,
				6253F9C92958E598003F33A4 /* Frameworks */,
				6253F9CA2958E598003F33A4 /* Resources */,
			);
			buildRules = (
			);
			dependencies = (
			);
			name = MVHS;
			packageProductDependencies = (
				6253F9FD2958E698003F33A4 /* SFSafeSymbols */,
				6253FA0C2958E830003F33A4 /* SwiftUIVisualEffects */,
				6253FA6F295A4F04003F33A4 /* SwiftyJSON */,
				6253FA87295A4F43003F33A4 /* Kingfisher */,
			);
			productName = MVHS;
			productReference = 6253F9CC2958E598003F33A4 /* MVHS.app */;
			productType = "com.apple.product-type.application";
		};
		6253F9DC2958E59A003F33A4 /* MVHSTests */ = {
			isa = PBXNativeTarget;
			buildConfigurationList = 6253F9F42958E59A003F33A4 /* Build configuration list for PBXNativeTarget "MVHSTests" */;
			buildPhases = (
				6253F9D92958E59A003F33A4 /* Sources */,
				6253F9DA2958E59A003F33A4 /* Frameworks */,
				6253F9DB2958E59A003F33A4 /* Resources */,
			);
			buildRules = (
			);
			dependencies = (
				6253F9DF2958E59A003F33A4 /* PBXTargetDependency */,
			);
			name = MVHSTests;
			productName = MVHSTests;
			productReference = 6253F9DD2958E59A003F33A4 /* MVHSTests.xctest */;
			productType = "com.apple.product-type.bundle.unit-test";
		};
		6253F9E62958E59A003F33A4 /* MVHSUITests */ = {
			isa = PBXNativeTarget;
			buildConfigurationList = 6253F9F72958E59A003F33A4 /* Build configuration list for PBXNativeTarget "MVHSUITests" */;
			buildPhases = (
				6253F9E32958E59A003F33A4 /* Sources */,
				6253F9E42958E59A003F33A4 /* Frameworks */,
				6253F9E52958E59A003F33A4 /* Resources */,
			);
			buildRules = (
			);
			dependencies = (
				6253F9E92958E59A003F33A4 /* PBXTargetDependency */,
			);
			name = MVHSUITests;
			productName = MVHSUITests;
			productReference = 6253F9E72958E59A003F33A4 /* MVHSUITests.xctest */;
			productType = "com.apple.product-type.bundle.ui-testing";
		};
/* End PBXNativeTarget section */

/* Begin PBXProject section */
		6253F9C42958E598003F33A4 /* Project object */ = {
			isa = PBXProject;
			attributes = {
				BuildIndependentTargetsInParallel = 1;
				LastSwiftUpdateCheck = 1420;
				LastUpgradeCheck = 1420;
				TargetAttributes = {
					6253F9CB2958E598003F33A4 = {
						CreatedOnToolsVersion = 14.2;
					};
					6253F9DC2958E59A003F33A4 = {
						CreatedOnToolsVersion = 14.2;
						TestTargetID = 6253F9CB2958E598003F33A4;
					};
					6253F9E62958E59A003F33A4 = {
						CreatedOnToolsVersion = 14.2;
						TestTargetID = 6253F9CB2958E598003F33A4;
					};
				};
			};
			buildConfigurationList = 6253F9C72958E598003F33A4 /* Build configuration list for PBXProject "MVHS" */;
			compatibilityVersion = "Xcode 14.0";
			developmentRegion = en;
			hasScannedForEncodings = 0;
			knownRegions = (
				en,
				Base,
			);
			mainGroup = 6253F9C32958E598003F33A4;
			packageReferences = (
				6253F9FC2958E698003F33A4 /* XCRemoteSwiftPackageReference "SFSafeSymbols" */,
				6253FA0B2958E830003F33A4 /* XCRemoteSwiftPackageReference "swiftui-visual-effects" */,
				6253FA6E295A4F04003F33A4 /* XCRemoteSwiftPackageReference "SwiftyJSON" */,
				6253FA86295A4F43003F33A4 /* XCRemoteSwiftPackageReference "Kingfisher" */,
			);
			productRefGroup = 6253F9CD2958E598003F33A4 /* Products */;
			projectDirPath = "";
			projectRoot = "";
			targets = (
				6253F9CB2958E598003F33A4 /* MVHS */,
				6253F9DC2958E59A003F33A4 /* MVHSTests */,
				6253F9E62958E59A003F33A4 /* MVHSUITests */,
			);
		};
/* End PBXProject section */

/* Begin PBXResourcesBuildPhase section */
		6253F9CA2958E598003F33A4 /* Resources */ = {
			isa = PBXResourcesBuildPhase;
			buildActionMask = 2147483647;
			files = (
				6253F9D82958E599003F33A4 /* Preview Assets.xcassets in Resources */,
				6253FA6D295A4EBB003F33A4 /* AllNews.json in Resources */,
				6253F9D42958E599003F33A4 /* Assets.xcassets in Resources */,
			);
			runOnlyForDeploymentPostprocessing = 0;
		};
		6253F9DB2958E59A003F33A4 /* Resources */ = {
			isa = PBXResourcesBuildPhase;
			buildActionMask = 2147483647;
			files = (
			);
			runOnlyForDeploymentPostprocessing = 0;
		};
		6253F9E52958E59A003F33A4 /* Resources */ = {
			isa = PBXResourcesBuildPhase;
			buildActionMask = 2147483647;
			files = (
			);
			runOnlyForDeploymentPostprocessing = 0;
		};
/* End PBXResourcesBuildPhase section */

/* Begin PBXSourcesBuildPhase section */
		6253F9C82958E598003F33A4 /* Sources */ = {
			isa = PBXSourcesBuildPhase;
			buildActionMask = 2147483647;
			files = (
				6253FA7D295A4F26003F33A4 /* NewsView.swift in Sources */,
				6253FA362958E8BB003F33A4 /* KeychainPublishedWrapper.swift in Sources */,
				6253FA052958E710003F33A4 /* TodayViewViewModel.swift in Sources */,
				6253FA332958E8BB003F33A4 /* TimeInterval.swift in Sources */,
				6253FA032958E6FC003F33A4 /* SharedScheduleInformation.swift in Sources */,
				6253FA452958E93F003F33A4 /* ScheduleWeek.swift in Sources */,
				6253FA7E295A4F26003F33A4 /* NewsNavigationBarButtons.swift in Sources */,
				6253FA472958E949003F33A4 /* ScheduleDateHelper.swift in Sources */,
				6253FA67295A3210003F33A4 /* ScheduleDetailView.swift in Sources */,
				6253FA302958E8BB003F33A4 /* Font.swift in Sources */,
				6253FA5C295A3020003F33A4 /* ProgressCountdown.swift in Sources */,
				6253FA3A2958E8BB003F33A4 /* Bindings.swift in Sources */,
				6253FA84295A4F26003F33A4 /* WKWebViewRepresentable.swift in Sources */,
				6253FA282958E8BB003F33A4 /* Date.swift in Sources */,
				6253FA83295A4F26003F33A4 /* NewsDetailedView.swift in Sources */,
				6253FA80295A4F26003F33A4 /* NewsSelectionButtons.swift in Sources */,
				6253FA61295A3030003F33A4 /* Constants.swift in Sources */,
				6253FA2A2958E8BB003F33A4 /* Comparable.swift in Sources */,
				6253FA4D2958EA95003F33A4 /* TodayHeroView.swift in Sources */,
				6253FA5E295A3020003F33A4 /* AnnoucementBanner.swift in Sources */,
				6253FA2E2958E8BB003F33A4 /* DateFormatter.swift in Sources */,
				6253FA322958E8BB003F33A4 /* UIScreen.swift in Sources */,
				6253FA2C2958E8BB003F33A4 /* Dictionary.swift in Sources */,
				6253FA372958E8BB003F33A4 /* KeychainAccessibility.swift in Sources */,
				6253FA5B295A3020003F33A4 /* ProgressRingView.swift in Sources */,
				6253FA352958E8BB003F33A4 /* KeychainWrapper.swift in Sources */,
				6253FA4B2958EA34003F33A4 /* HapticsManager.swift in Sources */,
				6253FA85295A4F26003F33A4 /* NewsViewViewModel.swift in Sources */,
				6253FA69295A32A9003F33A4 /* PeriodBlockItem.swift in Sources */,
				6253FA492958E9EC003F33A4 /* AnnouncementResponse.swift in Sources */,
				6253FA2F2958E8BB003F33A4 /* Double.swift in Sources */,
				62D5FA232A7B069A007754E7 /* URL.swift in Sources */,
				6253FA65295A3153003F33A4 /* Colors.swift in Sources */,
				6253FA072958E764003F33A4 /* PeriodCategory.swift in Sources */,
				6253FA2D2958E8BB003F33A4 /* String.swift in Sources */,
				6253FA81295A4F26003F33A4 /* NewsEntry.swift in Sources */,
				6253FA2B2958E8BB003F33A4 /* UIDevice.swift in Sources */,
				6253F9D22958E598003F33A4 /* ContentView.swift in Sources */,
				6253FA392958E8BB003F33A4 /* HighlightButtonStyle.swift in Sources */,
				6253FA63295A30D8003F33A4 /* Color.swift in Sources */,
				6253FA382958E8BB003F33A4 /* UserDefaultWrapper.swift in Sources */,
				6253FA6B295A330B003F33A4 /* AnimatedBlurBackground.swift in Sources */,
				6253FA292958E8BB003F33A4 /* Array.swift in Sources */,
				6253FA3B2958E8BB003F33A4 /* RoundedCorners.swift in Sources */,
				6253FA422958E93F003F33A4 /* ClassPeriod.swift in Sources */,
				6253FA7F295A4F26003F33A4 /* HorizontalLabelButton.swift in Sources */,
				6253FA342958E8BB003F33A4 /* Calendar.swift in Sources */,
				6253F9FB2958E650003F33A4 /* TodayView.swift in Sources */,
				6253FA82295A4F26003F33A4 /* NewsEntryListItem.swift in Sources */,
				6253FA442958E93F003F33A4 /* ScheduleDay.swift in Sources */,
				6253F9D02958E598003F33A4 /* MVHSApp.swift in Sources */,
				6253FA3C2958E8BB003F33A4 /* Miscellaneous.swift in Sources */,
			);
			runOnlyForDeploymentPostprocessing = 0;
		};
		6253F9D92958E59A003F33A4 /* Sources */ = {
			isa = PBXSourcesBuildPhase;
			buildActionMask = 2147483647;
			files = (
				6253F9E22958E59A003F33A4 /* MVHSTests.swift in Sources */,
			);
			runOnlyForDeploymentPostprocessing = 0;
		};
		6253F9E32958E59A003F33A4 /* Sources */ = {
			isa = PBXSourcesBuildPhase;
			buildActionMask = 2147483647;
			files = (
				6253F9EE2958E59A003F33A4 /* MVHSUITestsLaunchTests.swift in Sources */,
				6253F9EC2958E59A003F33A4 /* MVHSUITests.swift in Sources */,
			);
			runOnlyForDeploymentPostprocessing = 0;
		};
/* End PBXSourcesBuildPhase section */

/* Begin PBXTargetDependency section */
		6253F9DF2958E59A003F33A4 /* PBXTargetDependency */ = {
			isa = PBXTargetDependency;
			target = 6253F9CB2958E598003F33A4 /* MVHS */;
			targetProxy = 6253F9DE2958E59A003F33A4 /* PBXContainerItemProxy */;
		};
		6253F9E92958E59A003F33A4 /* PBXTargetDependency */ = {
			isa = PBXTargetDependency;
			target = 6253F9CB2958E598003F33A4 /* MVHS */;
			targetProxy = 6253F9E82958E59A003F33A4 /* PBXContainerItemProxy */;
		};
/* End PBXTargetDependency section */

/* Begin XCBuildConfiguration section */
		6253F9EF2958E59A003F33A4 /* Debug */ = {
			isa = XCBuildConfiguration;
			buildSettings = {
				ALWAYS_SEARCH_USER_PATHS = NO;
				CLANG_ANALYZER_NONNULL = YES;
				CLANG_ANALYZER_NUMBER_OBJECT_CONVERSION = YES_AGGRESSIVE;
				CLANG_CXX_LANGUAGE_STANDARD = "gnu++20";
				CLANG_ENABLE_MODULES = YES;
				CLANG_ENABLE_OBJC_ARC = YES;
				CLANG_ENABLE_OBJC_WEAK = YES;
				CLANG_WARN_BLOCK_CAPTURE_AUTORELEASING = YES;
				CLANG_WARN_BOOL_CONVERSION = YES;
				CLANG_WARN_COMMA = YES;
				CLANG_WARN_CONSTANT_CONVERSION = YES;
				CLANG_WARN_DEPRECATED_OBJC_IMPLEMENTATIONS = YES;
				CLANG_WARN_DIRECT_OBJC_ISA_USAGE = YES_ERROR;
				CLANG_WARN_DOCUMENTATION_COMMENTS = YES;
				CLANG_WARN_EMPTY_BODY = YES;
				CLANG_WARN_ENUM_CONVERSION = YES;
				CLANG_WARN_INFINITE_RECURSION = YES;
				CLANG_WARN_INT_CONVERSION = YES;
				CLANG_WARN_NON_LITERAL_NULL_CONVERSION = YES;
				CLANG_WARN_OBJC_IMPLICIT_RETAIN_SELF = YES;
				CLANG_WARN_OBJC_LITERAL_CONVERSION = YES;
				CLANG_WARN_OBJC_ROOT_CLASS = YES_ERROR;
				CLANG_WARN_QUOTED_INCLUDE_IN_FRAMEWORK_HEADER = YES;
				CLANG_WARN_RANGE_LOOP_ANALYSIS = YES;
				CLANG_WARN_STRICT_PROTOTYPES = YES;
				CLANG_WARN_SUSPICIOUS_MOVE = YES;
				CLANG_WARN_UNGUARDED_AVAILABILITY = YES_AGGRESSIVE;
				CLANG_WARN_UNREACHABLE_CODE = YES;
				CLANG_WARN__DUPLICATE_METHOD_MATCH = YES;
				COPY_PHASE_STRIP = NO;
				DEBUG_INFORMATION_FORMAT = dwarf;
				ENABLE_STRICT_OBJC_MSGSEND = YES;
				ENABLE_TESTABILITY = YES;
				GCC_C_LANGUAGE_STANDARD = gnu11;
				GCC_DYNAMIC_NO_PIC = NO;
				GCC_NO_COMMON_BLOCKS = YES;
				GCC_OPTIMIZATION_LEVEL = 0;
				GCC_PREPROCESSOR_DEFINITIONS = (
					"DEBUG=1",
					"$(inherited)",
				);
				GCC_WARN_64_TO_32_BIT_CONVERSION = YES;
				GCC_WARN_ABOUT_RETURN_TYPE = YES_ERROR;
				GCC_WARN_UNDECLARED_SELECTOR = YES;
				GCC_WARN_UNINITIALIZED_AUTOS = YES_AGGRESSIVE;
				GCC_WARN_UNUSED_FUNCTION = YES;
				GCC_WARN_UNUSED_VARIABLE = YES;
				IPHONEOS_DEPLOYMENT_TARGET = 16.0;
				MACOSX_DEPLOYMENT_TARGET = 13.0;
				MTL_ENABLE_DEBUG_INFO = INCLUDE_SOURCE;
				MTL_FAST_MATH = YES;
				ONLY_ACTIVE_ARCH = YES;
				SWIFT_ACTIVE_COMPILATION_CONDITIONS = DEBUG;
				SWIFT_OPTIMIZATION_LEVEL = "-Onone";
			};
			name = Debug;
		};
		6253F9F02958E59A003F33A4 /* Release */ = {
			isa = XCBuildConfiguration;
			buildSettings = {
				ALWAYS_SEARCH_USER_PATHS = NO;
				CLANG_ANALYZER_NONNULL = YES;
				CLANG_ANALYZER_NUMBER_OBJECT_CONVERSION = YES_AGGRESSIVE;
				CLANG_CXX_LANGUAGE_STANDARD = "gnu++20";
				CLANG_ENABLE_MODULES = YES;
				CLANG_ENABLE_OBJC_ARC = YES;
				CLANG_ENABLE_OBJC_WEAK = YES;
				CLANG_WARN_BLOCK_CAPTURE_AUTORELEASING = YES;
				CLANG_WARN_BOOL_CONVERSION = YES;
				CLANG_WARN_COMMA = YES;
				CLANG_WARN_CONSTANT_CONVERSION = YES;
				CLANG_WARN_DEPRECATED_OBJC_IMPLEMENTATIONS = YES;
				CLANG_WARN_DIRECT_OBJC_ISA_USAGE = YES_ERROR;
				CLANG_WARN_DOCUMENTATION_COMMENTS = YES;
				CLANG_WARN_EMPTY_BODY = YES;
				CLANG_WARN_ENUM_CONVERSION = YES;
				CLANG_WARN_INFINITE_RECURSION = YES;
				CLANG_WARN_INT_CONVERSION = YES;
				CLANG_WARN_NON_LITERAL_NULL_CONVERSION = YES;
				CLANG_WARN_OBJC_IMPLICIT_RETAIN_SELF = YES;
				CLANG_WARN_OBJC_LITERAL_CONVERSION = YES;
				CLANG_WARN_OBJC_ROOT_CLASS = YES_ERROR;
				CLANG_WARN_QUOTED_INCLUDE_IN_FRAMEWORK_HEADER = YES;
				CLANG_WARN_RANGE_LOOP_ANALYSIS = YES;
				CLANG_WARN_STRICT_PROTOTYPES = YES;
				CLANG_WARN_SUSPICIOUS_MOVE = YES;
				CLANG_WARN_UNGUARDED_AVAILABILITY = YES_AGGRESSIVE;
				CLANG_WARN_UNREACHABLE_CODE = YES;
				CLANG_WARN__DUPLICATE_METHOD_MATCH = YES;
				COPY_PHASE_STRIP = NO;
				DEBUG_INFORMATION_FORMAT = "dwarf-with-dsym";
				ENABLE_NS_ASSERTIONS = NO;
				ENABLE_STRICT_OBJC_MSGSEND = YES;
				GCC_C_LANGUAGE_STANDARD = gnu11;
				GCC_NO_COMMON_BLOCKS = YES;
				GCC_WARN_64_TO_32_BIT_CONVERSION = YES;
				GCC_WARN_ABOUT_RETURN_TYPE = YES_ERROR;
				GCC_WARN_UNDECLARED_SELECTOR = YES;
				GCC_WARN_UNINITIALIZED_AUTOS = YES_AGGRESSIVE;
				GCC_WARN_UNUSED_FUNCTION = YES;
				GCC_WARN_UNUSED_VARIABLE = YES;
				IPHONEOS_DEPLOYMENT_TARGET = 16.0;
				MACOSX_DEPLOYMENT_TARGET = 13.0;
				MTL_ENABLE_DEBUG_INFO = NO;
				MTL_FAST_MATH = YES;
				SWIFT_COMPILATION_MODE = wholemodule;
				SWIFT_OPTIMIZATION_LEVEL = "-O";
			};
			name = Release;
		};
		6253F9F22958E59A003F33A4 /* Debug */ = {
			isa = XCBuildConfiguration;
			buildSettings = {
				ASSETCATALOG_COMPILER_APPICON_NAME = AppIcon;
				ASSETCATALOG_COMPILER_GLOBAL_ACCENT_COLOR_NAME = AccentColor;
				CODE_SIGN_ENTITLEMENTS = MVHS/MVHS.entitlements;
				CODE_SIGN_STYLE = Automatic;
				CURRENT_PROJECT_VERSION = 1;
				DEVELOPMENT_ASSET_PATHS = "\"MVHS/Preview Content\"";
				DEVELOPMENT_TEAM = 2WZXS2AJPY;
				ENABLE_HARDENED_RUNTIME = YES;
				ENABLE_PREVIEWS = YES;
				GENERATE_INFOPLIST_FILE = YES;
				"INFOPLIST_KEY_UIApplicationSceneManifest_Generation[sdk=iphoneos*]" = YES;
				"INFOPLIST_KEY_UIApplicationSceneManifest_Generation[sdk=iphonesimulator*]" = YES;
				"INFOPLIST_KEY_UIApplicationSupportsIndirectInputEvents[sdk=iphoneos*]" = YES;
				"INFOPLIST_KEY_UIApplicationSupportsIndirectInputEvents[sdk=iphonesimulator*]" = YES;
				"INFOPLIST_KEY_UILaunchScreen_Generation[sdk=iphoneos*]" = YES;
				"INFOPLIST_KEY_UILaunchScreen_Generation[sdk=iphonesimulator*]" = YES;
				"INFOPLIST_KEY_UIStatusBarStyle[sdk=iphoneos*]" = UIStatusBarStyleDefault;
				"INFOPLIST_KEY_UIStatusBarStyle[sdk=iphonesimulator*]" = UIStatusBarStyleDefault;
				INFOPLIST_KEY_UISupportedInterfaceOrientations_iPad = "UIInterfaceOrientationPortrait UIInterfaceOrientationPortraitUpsideDown UIInterfaceOrientationLandscapeLeft UIInterfaceOrientationLandscapeRight";
				INFOPLIST_KEY_UISupportedInterfaceOrientations_iPhone = "UIInterfaceOrientationPortrait UIInterfaceOrientationLandscapeLeft UIInterfaceOrientationLandscapeRight";
				IPHONEOS_DEPLOYMENT_TARGET = 16.0;
				LD_RUNPATH_SEARCH_PATHS = "@executable_path/Frameworks";
				"LD_RUNPATH_SEARCH_PATHS[sdk=macosx*]" = "@executable_path/../Frameworks";
				MACOSX_DEPLOYMENT_TARGET = 13.0;
				MARKETING_VERSION = 1.0.0;
				PRODUCT_BUNDLE_IDENTIFIER = com.CodeForCommunity.MVHS;
				PRODUCT_NAME = "$(TARGET_NAME)";
				SDKROOT = auto;
				SUPPORTED_PLATFORMS = "iphoneos iphonesimulator";
				SUPPORTS_MACCATALYST = NO;
				SUPPORTS_MAC_DESIGNED_FOR_IPHONE_IPAD = NO;
				SWIFT_EMIT_LOC_STRINGS = YES;
				SWIFT_VERSION = 5.0;
				TARGETED_DEVICE_FAMILY = "1,2";
			};
			name = Debug;
		};
		6253F9F32958E59A003F33A4 /* Release */ = {
			isa = XCBuildConfiguration;
			buildSettings = {
				ASSETCATALOG_COMPILER_APPICON_NAME = AppIcon;
				ASSETCATALOG_COMPILER_GLOBAL_ACCENT_COLOR_NAME = AccentColor;
				CODE_SIGN_ENTITLEMENTS = MVHS/MVHS.entitlements;
				CODE_SIGN_STYLE = Automatic;
				CURRENT_PROJECT_VERSION = 1;
				DEVELOPMENT_ASSET_PATHS = "\"MVHS/Preview Content\"";
				DEVELOPMENT_TEAM = 2WZXS2AJPY;
				ENABLE_HARDENED_RUNTIME = YES;
				ENABLE_PREVIEWS = YES;
				GENERATE_INFOPLIST_FILE = YES;
				"INFOPLIST_KEY_UIApplicationSceneManifest_Generation[sdk=iphoneos*]" = YES;
				"INFOPLIST_KEY_UIApplicationSceneManifest_Generation[sdk=iphonesimulator*]" = YES;
				"INFOPLIST_KEY_UIApplicationSupportsIndirectInputEvents[sdk=iphoneos*]" = YES;
				"INFOPLIST_KEY_UIApplicationSupportsIndirectInputEvents[sdk=iphonesimulator*]" = YES;
				"INFOPLIST_KEY_UILaunchScreen_Generation[sdk=iphoneos*]" = YES;
				"INFOPLIST_KEY_UILaunchScreen_Generation[sdk=iphonesimulator*]" = YES;
				"INFOPLIST_KEY_UIStatusBarStyle[sdk=iphoneos*]" = UIStatusBarStyleDefault;
				"INFOPLIST_KEY_UIStatusBarStyle[sdk=iphonesimulator*]" = UIStatusBarStyleDefault;
				INFOPLIST_KEY_UISupportedInterfaceOrientations_iPad = "UIInterfaceOrientationPortrait UIInterfaceOrientationPortraitUpsideDown UIInterfaceOrientationLandscapeLeft UIInterfaceOrientationLandscapeRight";
				INFOPLIST_KEY_UISupportedInterfaceOrientations_iPhone = "UIInterfaceOrientationPortrait UIInterfaceOrientationLandscapeLeft UIInterfaceOrientationLandscapeRight";
				IPHONEOS_DEPLOYMENT_TARGET = 16.0;
				LD_RUNPATH_SEARCH_PATHS = "@executable_path/Frameworks";
				"LD_RUNPATH_SEARCH_PATHS[sdk=macosx*]" = "@executable_path/../Frameworks";
				MACOSX_DEPLOYMENT_TARGET = 13.0;
				MARKETING_VERSION = 1.0.0;
				PRODUCT_BUNDLE_IDENTIFIER = com.CodeForCommunity.MVHS;
				PRODUCT_NAME = "$(TARGET_NAME)";
				SDKROOT = auto;
				SUPPORTED_PLATFORMS = "iphoneos iphonesimulator";
				SUPPORTS_MACCATALYST = NO;
				SUPPORTS_MAC_DESIGNED_FOR_IPHONE_IPAD = NO;
				SWIFT_EMIT_LOC_STRINGS = YES;
				SWIFT_VERSION = 5.0;
				TARGETED_DEVICE_FAMILY = "1,2";
			};
			name = Release;
		};
		6253F9F52958E59A003F33A4 /* Debug */ = {
			isa = XCBuildConfiguration;
			buildSettings = {
				ALWAYS_EMBED_SWIFT_STANDARD_LIBRARIES = YES;
				BUNDLE_LOADER = "$(TEST_HOST)";
				CODE_SIGN_STYLE = Automatic;
				CURRENT_PROJECT_VERSION = 1;
				DEVELOPMENT_TEAM = 2WZXS2AJPY;
				GENERATE_INFOPLIST_FILE = YES;
				IPHONEOS_DEPLOYMENT_TARGET = 16.2;
				MACOSX_DEPLOYMENT_TARGET = 13.1;
				MARKETING_VERSION = 1.0;
				PRODUCT_BUNDLE_IDENTIFIER = com.CodeForCommunity.MVHSTests;
				PRODUCT_NAME = "$(TARGET_NAME)";
				SDKROOT = auto;
				SUPPORTED_PLATFORMS = "iphoneos iphonesimulator macosx";
				SWIFT_EMIT_LOC_STRINGS = NO;
				SWIFT_VERSION = 5.0;
				TARGETED_DEVICE_FAMILY = "1,2";
				TEST_HOST = "$(BUILT_PRODUCTS_DIR)/MVHS.app/$(BUNDLE_EXECUTABLE_FOLDER_PATH)/MVHS";
			};
			name = Debug;
		};
		6253F9F62958E59A003F33A4 /* Release */ = {
			isa = XCBuildConfiguration;
			buildSettings = {
				ALWAYS_EMBED_SWIFT_STANDARD_LIBRARIES = YES;
				BUNDLE_LOADER = "$(TEST_HOST)";
				CODE_SIGN_STYLE = Automatic;
				CURRENT_PROJECT_VERSION = 1;
				DEVELOPMENT_TEAM = 2WZXS2AJPY;
				GENERATE_INFOPLIST_FILE = YES;
				IPHONEOS_DEPLOYMENT_TARGET = 16.2;
				MACOSX_DEPLOYMENT_TARGET = 13.1;
				MARKETING_VERSION = 1.0;
				PRODUCT_BUNDLE_IDENTIFIER = com.CodeForCommunity.MVHSTests;
				PRODUCT_NAME = "$(TARGET_NAME)";
				SDKROOT = auto;
				SUPPORTED_PLATFORMS = "iphoneos iphonesimulator macosx";
				SWIFT_EMIT_LOC_STRINGS = NO;
				SWIFT_VERSION = 5.0;
				TARGETED_DEVICE_FAMILY = "1,2";
				TEST_HOST = "$(BUILT_PRODUCTS_DIR)/MVHS.app/$(BUNDLE_EXECUTABLE_FOLDER_PATH)/MVHS";
			};
			name = Release;
		};
		6253F9F82958E59A003F33A4 /* Debug */ = {
			isa = XCBuildConfiguration;
			buildSettings = {
				ALWAYS_EMBED_SWIFT_STANDARD_LIBRARIES = YES;
				CODE_SIGN_STYLE = Automatic;
				CURRENT_PROJECT_VERSION = 1;
				DEVELOPMENT_TEAM = 2WZXS2AJPY;
				GENERATE_INFOPLIST_FILE = YES;
				IPHONEOS_DEPLOYMENT_TARGET = 16.2;
				MACOSX_DEPLOYMENT_TARGET = 13.1;
				MARKETING_VERSION = 1.0;
				PRODUCT_BUNDLE_IDENTIFIER = com.CodeForCommunity.MVHSUITests;
				PRODUCT_NAME = "$(TARGET_NAME)";
				SDKROOT = auto;
				SUPPORTED_PLATFORMS = "iphoneos iphonesimulator macosx";
				SWIFT_EMIT_LOC_STRINGS = NO;
				SWIFT_VERSION = 5.0;
				TARGETED_DEVICE_FAMILY = "1,2";
				TEST_TARGET_NAME = MVHS;
			};
			name = Debug;
		};
		6253F9F92958E59A003F33A4 /* Release */ = {
			isa = XCBuildConfiguration;
			buildSettings = {
				ALWAYS_EMBED_SWIFT_STANDARD_LIBRARIES = YES;
				CODE_SIGN_STYLE = Automatic;
				CURRENT_PROJECT_VERSION = 1;
				DEVELOPMENT_TEAM = 2WZXS2AJPY;
				GENERATE_INFOPLIST_FILE = YES;
				IPHONEOS_DEPLOYMENT_TARGET = 16.2;
				MACOSX_DEPLOYMENT_TARGET = 13.1;
				MARKETING_VERSION = 1.0;
				PRODUCT_BUNDLE_IDENTIFIER = com.CodeForCommunity.MVHSUITests;
				PRODUCT_NAME = "$(TARGET_NAME)";
				SDKROOT = auto;
				SUPPORTED_PLATFORMS = "iphoneos iphonesimulator macosx";
				SWIFT_EMIT_LOC_STRINGS = NO;
				SWIFT_VERSION = 5.0;
				TARGETED_DEVICE_FAMILY = "1,2";
				TEST_TARGET_NAME = MVHS;
			};
			name = Release;
		};
/* End XCBuildConfiguration section */

/* Begin XCConfigurationList section */
		6253F9C72958E598003F33A4 /* Build configuration list for PBXProject "MVHS" */ = {
			isa = XCConfigurationList;
			buildConfigurations = (
				6253F9EF2958E59A003F33A4 /* Debug */,
				6253F9F02958E59A003F33A4 /* Release */,
			);
			defaultConfigurationIsVisible = 0;
			defaultConfigurationName = Release;
		};
		6253F9F12958E59A003F33A4 /* Build configuration list for PBXNativeTarget "MVHS" */ = {
			isa = XCConfigurationList;
			buildConfigurations = (
				6253F9F22958E59A003F33A4 /* Debug */,
				6253F9F32958E59A003F33A4 /* Release */,
			);
			defaultConfigurationIsVisible = 0;
			defaultConfigurationName = Release;
		};
		6253F9F42958E59A003F33A4 /* Build configuration list for PBXNativeTarget "MVHSTests" */ = {
			isa = XCConfigurationList;
			buildConfigurations = (
				6253F9F52958E59A003F33A4 /* Debug */,
				6253F9F62958E59A003F33A4 /* Release */,
			);
			defaultConfigurationIsVisible = 0;
			defaultConfigurationName = Release;
		};
		6253F9F72958E59A003F33A4 /* Build configuration list for PBXNativeTarget "MVHSUITests" */ = {
			isa = XCConfigurationList;
			buildConfigurations = (
				6253F9F82958E59A003F33A4 /* Debug */,
				6253F9F92958E59A003F33A4 /* Release */,
			);
			defaultConfigurationIsVisible = 0;
			defaultConfigurationName = Release;
		};
/* End XCConfigurationList section */

/* Begin XCRemoteSwiftPackageReference section */
		6253F9FC2958E698003F33A4 /* XCRemoteSwiftPackageReference "SFSafeSymbols" */ = {
			isa = XCRemoteSwiftPackageReference;
			repositoryURL = "https://github.com/SFSafeSymbols/SFSafeSymbols";
			requirement = {
				kind = upToNextMajorVersion;
				minimumVersion = 4.0.0;
			};
		};
		6253FA0B2958E830003F33A4 /* XCRemoteSwiftPackageReference "swiftui-visual-effects" */ = {
			isa = XCRemoteSwiftPackageReference;
			repositoryURL = "https://github.com/lucasbrown/swiftui-visual-effects";
			requirement = {
				kind = exactVersion;
				version = 1.0.3;
			};
		};
		6253FA6E295A4F04003F33A4 /* XCRemoteSwiftPackageReference "SwiftyJSON" */ = {
			isa = XCRemoteSwiftPackageReference;
			repositoryURL = "https://github.com/SwiftyJSON/SwiftyJSON";
			requirement = {
				kind = upToNextMajorVersion;
				minimumVersion = 5.0.0;
			};
		};
		6253FA86295A4F43003F33A4 /* XCRemoteSwiftPackageReference "Kingfisher" */ = {
			isa = XCRemoteSwiftPackageReference;
			repositoryURL = "https://github.com/onevcat/Kingfisher";
			requirement = {
				kind = upToNextMajorVersion;
				minimumVersion = 7.0.0;
			};
		};
/* End XCRemoteSwiftPackageReference section */

/* Begin XCSwiftPackageProductDependency section */
		6253F9FD2958E698003F33A4 /* SFSafeSymbols */ = {
			isa = XCSwiftPackageProductDependency;
			package = 6253F9FC2958E698003F33A4 /* XCRemoteSwiftPackageReference "SFSafeSymbols" */;
			productName = SFSafeSymbols;
		};
		6253FA0C2958E830003F33A4 /* SwiftUIVisualEffects */ = {
			isa = XCSwiftPackageProductDependency;
			package = 6253FA0B2958E830003F33A4 /* XCRemoteSwiftPackageReference "swiftui-visual-effects" */;
			productName = SwiftUIVisualEffects;
		};
		6253FA6F295A4F04003F33A4 /* SwiftyJSON */ = {
			isa = XCSwiftPackageProductDependency;
			package = 6253FA6E295A4F04003F33A4 /* XCRemoteSwiftPackageReference "SwiftyJSON" */;
			productName = SwiftyJSON;
		};
		6253FA87295A4F43003F33A4 /* Kingfisher */ = {
			isa = XCSwiftPackageProductDependency;
			package = 6253FA86295A4F43003F33A4 /* XCRemoteSwiftPackageReference "Kingfisher" */;
			productName = Kingfisher;
		};
/* End XCSwiftPackageProductDependency section */
	};
	rootObject = 6253F9C42958E598003F33A4 /* Project object */;
}
