// !$*UTF8*$!
{
	archiveVersion = 1;
	classes = {
	};
	objectVersion = 56;
	objects = {

/* Begin PBXBuildFile section */
		6253F9D02958E598003F33A4 /* MVHSApp.swift in Sources */ = {isa = PBXBuildFile; fileRef = 6253F9CF2958E598003F33A4 /* MVHSApp.swift */; };
		6253F9D22958E598003F33A4 /* ContentView.swift in Sources */ = {isa = PBXBuildFile; fileRef = 6253F9D12958E598003F33A4 /* ContentView.swift */; };
		6253F9D42958E599003F33A4 /* Assets.xcassets in Resources */ = {isa = PBXBuildFile; fileRef = 6253F9D32958E599003F33A4 /* Assets.xcassets */; };
		6253F9D82958E599003F33A4 /* Preview Assets.xcassets in Resources */ = {isa = PBXBuildFile; fileRef = 6253F9D72958E599003F33A4 /* Preview Assets.xcassets */; };
		6253F9E22958E59A003F33A4 /* MVHSTests.swift in Sources */ = {isa = PBXBuildFile; fileRef = 6253F9E12958E59A003F33A4 /* MVHSTests.swift */; };
		6253F9EC2958E59A003F33A4 /* MVHSUITests.swift in Sources */ = {isa = PBXBuildFile; fileRef = 6253F9EB2958E59A003F33A4 /* MVHSUITests.swift */; };
		6253F9EE2958E59A003F33A4 /* MVHSUITestsLaunchTests.swift in Sources */ = {isa = PBXBuildFile; fileRef = 6253F9ED2958E59A003F33A4 /* MVHSUITestsLaunchTests.swift */; };
/* End PBXBuildFile section */

/* Begin PBXContainerItemProxy section */
		6253F9DE2958E59A003F33A4 /* PBXContainerItemProxy */ = {
			isa = PBXContainerItemProxy;
			containerPortal = 6253F9C42958E598003F33A4 /* Project object */;
			proxyType = 1;
			remoteGlobalIDString = 6253F9CB2958E598003F33A4;
			remoteInfo = MVHS;
		};
		6253F9E82958E59A003F33A4 /* PBXContainerItemProxy */ = {
			isa = PBXContainerItemProxy;
			containerPortal = 6253F9C42958E598003F33A4 /* Project object */;
			proxyType = 1;
			remoteGlobalIDString = 6253F9CB2958E598003F33A4;
			remoteInfo = MVHS;
		};
/* End PBXContainerItemProxy section */

/* Begin PBXFileReference section */
		6253F9CC2958E598003F33A4 /* MVHS.app */ = {isa = PBXFileReference; explicitFileType = wrapper.application; includeInIndex = 0; path = MVHS.app; sourceTree = BUILT_PRODUCTS_DIR; };
		6253F9CF2958E598003F33A4 /* MVHSApp.swift */ = {isa = PBXFileReference; lastKnownFileType = sourcecode.swift; path = MVHSApp.swift; sourceTree = "<group>"; };
		6253F9D12958E598003F33A4 /* ContentView.swift */ = {isa = PBXFileReference; lastKnownFileType = sourcecode.swift; path = ContentView.swift; sourceTree = "<group>"; };
		6253F9D32958E599003F33A4 /* Assets.xcassets */ = {isa = PBXFileReference; lastKnownFileType = folder.assetcatalog; path = Assets.xcassets; sourceTree = "<group>"; };
		6253F9D52958E599003F33A4 /* MVHS.entitlements */ = {isa = PBXFileReference; lastKnownFileType = text.plist.entitlements; path = MVHS.entitlements; sourceTree = "<group>"; };
		6253F9D72958E599003F33A4 /* Preview Assets.xcassets */ = {isa = PBXFileReference; lastKnownFileType = folder.assetcatalog; path = "Preview Assets.xcassets"; sourceTree = "<group>"; };
		6253F9DD2958E59A003F33A4 /* MVHSTests.xctest */ = {isa = PBXFileReference; explicitFileType = wrapper.cfbundle; includeInIndex = 0; path = MVHSTests.xctest; sourceTree = BUILT_PRODUCTS_DIR; };
		6253F9E12958E59A003F33A4 /* MVHSTests.swift */ = {isa = PBXFileReference; lastKnownFileType = sourcecode.swift; path = MVHSTests.swift; sourceTree = "<group>"; };
		6253F9E72958E59A003F33A4 /* MVHSUITests.xctest */ = {isa = PBXFileReference; explicitFileType = wrapper.cfbundle; includeInIndex = 0; path = MVHSUITests.xctest; sourceTree = BUILT_PRODUCTS_DIR; };
		6253F9EB2958E59A003F33A4 /* MVHSUITests.swift */ = {isa = PBXFileReference; lastKnownFileType = sourcecode.swift; path = MVHSUITests.swift; sourceTree = "<group>"; };
		6253F9ED2958E59A003F33A4 /* MVHSUITestsLaunchTests.swift */ = {isa = PBXFileReference; lastKnownFileType = sourcecode.swift; path = MVHSUITestsLaunchTests.swift; sourceTree = "<group>"; };
/* End PBXFileReference section */

/* Begin PBXFrameworksBuildPhase section */
		6253F9C92958E598003F33A4 /* Frameworks */ = {
			isa = PBXFrameworksBuildPhase;
			buildActionMask = 2147483647;
			files = (
			);
			runOnlyForDeploymentPostprocessing = 0;
		};
		6253F9DA2958E59A003F33A4 /* Frameworks */ = {
			isa = PBXFrameworksBuildPhase;
			buildActionMask = 2147483647;
			files = (
			);
			runOnlyForDeploymentPostprocessing = 0;
		};
		6253F9E42958E59A003F33A4 /* Frameworks */ = {
			isa = PBXFrameworksBuildPhase;
			buildActionMask = 2147483647;
			files = (
			);
			runOnlyForDeploymentPostprocessing = 0;
		};
/* End PBXFrameworksBuildPhase section */

/* Begin PBXGroup section */
		6253F9C32958E598003F33A4 = {
			isa = PBXGroup;
			children = (
				6253F9CE2958E598003F33A4 /* MVHS */,
				6253F9E02958E59A003F33A4 /* MVHSTests */,
				6253F9EA2958E59A003F33A4 /* MVHSUITests */,
				6253F9CD2958E598003F33A4 /* Products */,
			);
			sourceTree = "<group>";
		};
		6253F9CD2958E598003F33A4 /* Products */ = {
			isa = PBXGroup;
			children = (
				6253F9CC2958E598003F33A4 /* MVHS.app */,
				6253F9DD2958E59A003F33A4 /* MVHSTests.xctest */,
				6253F9E72958E59A003F33A4 /* MVHSUITests.xctest */,
			);
			name = Products;
			sourceTree = "<group>";
		};
		6253F9CE2958E598003F33A4 /* MVHS */ = {
			isa = PBXGroup;
			children = (
				6253F9CF2958E598003F33A4 /* MVHSApp.swift */,
				6253F9D12958E598003F33A4 /* ContentView.swift */,
				6253F9D32958E599003F33A4 /* Assets.xcassets */,
				6253F9D52958E599003F33A4 /* MVHS.entitlements */,
				6253F9D62958E599003F33A4 /* Preview Content */,
			);
			path = MVHS;
			sourceTree = "<group>";
		};
		6253F9D62958E599003F33A4 /* Preview Content */ = {
			isa = PBXGroup;
			children = (
				6253F9D72958E599003F33A4 /* Preview Assets.xcassets */,
			);
			path = "Preview Content";
			sourceTree = "<group>";
		};
		6253F9E02958E59A003F33A4 /* MVHSTests */ = {
			isa = PBXGroup;
			children = (
				6253F9E12958E59A003F33A4 /* MVHSTests.swift */,
			);
			path = MVHSTests;
			sourceTree = "<group>";
		};
		6253F9EA2958E59A003F33A4 /* MVHSUITests */ = {
			isa = PBXGroup;
			children = (
				6253F9EB2958E59A003F33A4 /* MVHSUITests.swift */,
				6253F9ED2958E59A003F33A4 /* MVHSUITestsLaunchTests.swift */,
			);
			path = MVHSUITests;
			sourceTree = "<group>";
		};
/* End PBXGroup section */

/* Begin PBXNativeTarget section */
		6253F9CB2958E598003F33A4 /* MVHS */ = {
			isa = PBXNativeTarget;
			buildConfigurationList = 6253F9F12958E59A003F33A4 /* Build configuration list for PBXNativeTarget "MVHS" */;
			buildPhases = (
				6253F9C82958E598003F33A4 /* Sources */,
				6253F9C92958E598003F33A4 /* Frameworks */,
				6253F9CA2958E598003F33A4 /* Resources */,
			);
			buildRules = (
			);
			dependencies = (
			);
			name = MVHS;
			productName = MVHS;
			productReference = 6253F9CC2958E598003F33A4 /* MVHS.app */;
			productType = "com.apple.product-type.application";
		};
		6253F9DC2958E59A003F33A4 /* MVHSTests */ = {
			isa = PBXNativeTarget;
			buildConfigurationList = 6253F9F42958E59A003F33A4 /* Build configuration list for PBXNativeTarget "MVHSTests" */;
			buildPhases = (
				6253F9D92958E59A003F33A4 /* Sources */,
				6253F9DA2958E59A003F33A4 /* Frameworks */,
				6253F9DB2958E59A003F33A4 /* Resources */,
			);
			buildRules = (
			);
			dependencies = (
				6253F9DF2958E59A003F33A4 /* PBXTargetDependency */,
			);
			name = MVHSTests;
			productName = MVHSTests;
			productReference = 6253F9DD2958E59A003F33A4 /* MVHSTests.xctest */;
			productType = "com.apple.product-type.bundle.unit-test";
		};
		6253F9E62958E59A003F33A4 /* MVHSUITests */ = {
			isa = PBXNativeTarget;
			buildConfigurationList = 6253F9F72958E59A003F33A4 /* Build configuration list for PBXNativeTarget "MVHSUITests" */;
			buildPhases = (
				6253F9E32958E59A003F33A4 /* Sources */,
				6253F9E42958E59A003F33A4 /* Frameworks */,
				6253F9E52958E59A003F33A4 /* Resources */,
			);
			buildRules = (
			);
			dependencies = (
				6253F9E92958E59A003F33A4 /* PBXTargetDependency */,
			);
			name = MVHSUITests;
			productName = MVHSUITests;
			productReference = 6253F9E72958E59A003F33A4 /* MVHSUITests.xctest */;
			productType = "com.apple.product-type.bundle.ui-testing";
		};
/* End PBXNativeTarget section */

/* Begin PBXProject section */
		6253F9C42958E598003F33A4 /* Project object */ = {
			isa = PBXProject;
			attributes = {
				BuildIndependentTargetsInParallel = 1;
				LastSwiftUpdateCheck = 1420;
				LastUpgradeCheck = 1420;
				TargetAttributes = {
					6253F9CB2958E598003F33A4 = {
						CreatedOnToolsVersion = 14.2;
					};
					6253F9DC2958E59A003F33A4 = {
						CreatedOnToolsVersion = 14.2;
						TestTargetID = 6253F9CB2958E598003F33A4;
					};
					6253F9E62958E59A003F33A4 = {
						CreatedOnToolsVersion = 14.2;
						TestTargetID = 6253F9CB2958E598003F33A4;
					};
				};
			};
			buildConfigurationList = 6253F9C72958E598003F33A4 /* Build configuration list for PBXProject "MVHS" */;
			compatibilityVersion = "Xcode 14.0";
			developmentRegion = en;
			hasScannedForEncodings = 0;
			knownRegions = (
				en,
				Base,
			);
			mainGroup = 6253F9C32958E598003F33A4;
			productRefGroup = 6253F9CD2958E598003F33A4 /* Products */;
			projectDirPath = "";
			projectRoot = "";
			targets = (
				6253F9CB2958E598003F33A4 /* MVHS */,
				6253F9DC2958E59A003F33A4 /* MVHSTests */,
				6253F9E62958E59A003F33A4 /* MVHSUITests */,
			);
		};
/* End PBXProject section */

/* Begin PBXResourcesBuildPhase section */
		6253F9CA2958E598003F33A4 /* Resources */ = {
			isa = PBXResourcesBuildPhase;
			buildActionMask = 2147483647;
			files = (
				6253F9D82958E599003F33A4 /* Preview Assets.xcassets in Resources */,
				6253F9D42958E599003F33A4 /* Assets.xcassets in Resources */,
			);
			runOnlyForDeploymentPostprocessing = 0;
		};
		6253F9DB2958E59A003F33A4 /* Resources */ = {
			isa = PBXResourcesBuildPhase;
			buildActionMask = 2147483647;
			files = (
			);
			runOnlyForDeploymentPostprocessing = 0;
		};
		6253F9E52958E59A003F33A4 /* Resources */ = {
			isa = PBXResourcesBuildPhase;
			buildActionMask = 2147483647;
			files = (
			);
			runOnlyForDeploymentPostprocessing = 0;
		};
/* End PBXResourcesBuildPhase section */

/* Begin PBXSourcesBuildPhase section */
		6253F9C82958E598003F33A4 /* Sources */ = {
			isa = PBXSourcesBuildPhase;
			buildActionMask = 2147483647;
			files = (
				6253F9D22958E598003F33A4 /* ContentView.swift in Sources */,
				6253F9D02958E598003F33A4 /* MVHSApp.swift in Sources */,
			);
			runOnlyForDeploymentPostprocessing = 0;
		};
		6253F9D92958E59A003F33A4 /* Sources */ = {
			isa = PBXSourcesBuildPhase;
			buildActionMask = 2147483647;
			files = (
				6253F9E22958E59A003F33A4 /* MVHSTests.swift in Sources */,
			);
			runOnlyForDeploymentPostprocessing = 0;
		};
		6253F9E32958E59A003F33A4 /* Sources */ = {
			isa = PBXSourcesBuildPhase;
			buildActionMask = 2147483647;
			files = (
				6253F9EE2958E59A003F33A4 /* MVHSUITestsLaunchTests.swift in Sources */,
				6253F9EC2958E59A003F33A4 /* MVHSUITests.swift in Sources */,
			);
			runOnlyForDeploymentPostprocessing = 0;
		};
/* End PBXSourcesBuildPhase section */

/* Begin PBXTargetDependency section */
		6253F9DF2958E59A003F33A4 /* PBXTargetDependency */ = {
			isa = PBXTargetDependency;
			target = 6253F9CB2958E598003F33A4 /* MVHS */;
			targetProxy = 6253F9DE2958E59A003F33A4 /* PBXContainerItemProxy */;
		};
		6253F9E92958E59A003F33A4 /* PBXTargetDependency */ = {
			isa = PBXTargetDependency;
			target = 6253F9CB2958E598003F33A4 /* MVHS */;
			targetProxy = 6253F9E82958E59A003F33A4 /* PBXContainerItemProxy */;
		};
/* End PBXTargetDependency section */

/* Begin XCBuildConfiguration section */
		6253F9EF2958E59A003F33A4 /* Debug */ = {
			isa = XCBuildConfiguration;
			buildSettings = {
				ALWAYS_SEARCH_USER_PATHS = NO;
				CLANG_ANALYZER_NONNULL = YES;
				CLANG_ANALYZER_NUMBER_OBJECT_CONVERSION = YES_AGGRESSIVE;
				CLANG_CXX_LANGUAGE_STANDARD = "gnu++20";
				CLANG_ENABLE_MODULES = YES;
				CLANG_ENABLE_OBJC_ARC = YES;
				CLANG_ENABLE_OBJC_WEAK = YES;
				CLANG_WARN_BLOCK_CAPTURE_AUTORELEASING = YES;
				CLANG_WARN_BOOL_CONVERSION = YES;
				CLANG_WARN_COMMA = YES;
				CLANG_WARN_CONSTANT_CONVERSION = YES;
				CLANG_WARN_DEPRECATED_OBJC_IMPLEMENTATIONS = YES;
				CLANG_WARN_DIRECT_OBJC_ISA_USAGE = YES_ERROR;
				CLANG_WARN_DOCUMENTATION_COMMENTS = YES;
				CLANG_WARN_EMPTY_BODY = YES;
				CLANG_WARN_ENUM_CONVERSION = YES;
				CLANG_WARN_INFINITE_RECURSION = YES;
				CLANG_WARN_INT_CONVERSION = YES;
				CLANG_WARN_NON_LITERAL_NULL_CONVERSION = YES;
				CLANG_WARN_OBJC_IMPLICIT_RETAIN_SELF = YES;
				CLANG_WARN_OBJC_LITERAL_CONVERSION = YES;
				CLANG_WARN_OBJC_ROOT_CLASS = YES_ERROR;
				CLANG_WARN_QUOTED_INCLUDE_IN_FRAMEWORK_HEADER = YES;
				CLANG_WARN_RANGE_LOOP_ANALYSIS = YES;
				CLANG_WARN_STRICT_PROTOTYPES = YES;
				CLANG_WARN_SUSPICIOUS_MOVE = YES;
				CLANG_WARN_UNGUARDED_AVAILABILITY = YES_AGGRESSIVE;
				CLANG_WARN_UNREACHABLE_CODE = YES;
				CLANG_WARN__DUPLICATE_METHOD_MATCH = YES;
				COPY_PHASE_STRIP = NO;
				DEBUG_INFORMATION_FORMAT = dwarf;
				ENABLE_STRICT_OBJC_MSGSEND = YES;
				ENABLE_TESTABILITY = YES;
				GCC_C_LANGUAGE_STANDARD = gnu11;
				GCC_DYNAMIC_NO_PIC = NO;
				GCC_NO_COMMON_BLOCKS = YES;
				GCC_OPTIMIZATION_LEVEL = 0;
				GCC_PREPROCESSOR_DEFINITIONS = (
					"DEBUG=1",
					"$(inherited)",
				);
				GCC_WARN_64_TO_32_BIT_CONVERSION = YES;
				GCC_WARN_ABOUT_RETURN_TYPE = YES_ERROR;
				GCC_WARN_UNDECLARED_SELECTOR = YES;
				GCC_WARN_UNINITIALIZED_AUTOS = YES_AGGRESSIVE;
				GCC_WARN_UNUSED_FUNCTION = YES;
				GCC_WARN_UNUSED_VARIABLE = YES;
				MTL_ENABLE_DEBUG_INFO = INCLUDE_SOURCE;
				MTL_FAST_MATH = YES;
				ONLY_ACTIVE_ARCH = YES;
				SWIFT_ACTIVE_COMPILATION_CONDITIONS = DEBUG;
				SWIFT_OPTIMIZATION_LEVEL = "-Onone";
			};
			name = Debug;
		};
		6253F9F02958E59A003F33A4 /* Release */ = {
			isa = XCBuildConfiguration;
			buildSettings = {
				ALWAYS_SEARCH_USER_PATHS = NO;
				CLANG_ANALYZER_NONNULL = YES;
				CLANG_ANALYZER_NUMBER_OBJECT_CONVERSION = YES_AGGRESSIVE;
				CLANG_CXX_LANGUAGE_STANDARD = "gnu++20";
				CLANG_ENABLE_MODULES = YES;
				CLANG_ENABLE_OBJC_ARC = YES;
				CLANG_ENABLE_OBJC_WEAK = YES;
				CLANG_WARN_BLOCK_CAPTURE_AUTORELEASING = YES;
				CLANG_WARN_BOOL_CONVERSION = YES;
				CLANG_WARN_COMMA = YES;
				CLANG_WARN_CONSTANT_CONVERSION = YES;
				CLANG_WARN_DEPRECATED_OBJC_IMPLEMENTATIONS = YES;
				CLANG_WARN_DIRECT_OBJC_ISA_USAGE = YES_ERROR;
				CLANG_WARN_DOCUMENTATION_COMMENTS = YES;
				CLANG_WARN_EMPTY_BODY = YES;
				CLANG_WARN_ENUM_CONVERSION = YES;
				CLANG_WARN_INFINITE_RECURSION = YES;
				CLANG_WARN_INT_CONVERSION = YES;
				CLANG_WARN_NON_LITERAL_NULL_CONVERSION = YES;
				CLANG_WARN_OBJC_IMPLICIT_RETAIN_SELF = YES;
				CLANG_WARN_OBJC_LITERAL_CONVERSION = YES;
				CLANG_WARN_OBJC_ROOT_CLASS = YES_ERROR;
				CLANG_WARN_QUOTED_INCLUDE_IN_FRAMEWORK_HEADER = YES;
				CLANG_WARN_RANGE_LOOP_ANALYSIS = YES;
				CLANG_WARN_STRICT_PROTOTYPES = YES;
				CLANG_WARN_SUSPICIOUS_MOVE = YES;
				CLANG_WARN_UNGUARDED_AVAILABILITY = YES_AGGRESSIVE;
				CLANG_WARN_UNREACHABLE_CODE = YES;
				CLANG_WARN__DUPLICATE_METHOD_MATCH = YES;
				COPY_PHASE_STRIP = NO;
				DEBUG_INFORMATION_FORMAT = "dwarf-with-dsym";
				ENABLE_NS_ASSERTIONS = NO;
				ENABLE_STRICT_OBJC_MSGSEND = YES;
				GCC_C_LANGUAGE_STANDARD = gnu11;
				GCC_NO_COMMON_BLOCKS = YES;
				GCC_WARN_64_TO_32_BIT_CONVERSION = YES;
				GCC_WARN_ABOUT_RETURN_TYPE = YES_ERROR;
				GCC_WARN_UNDECLARED_SELECTOR = YES;
				GCC_WARN_UNINITIALIZED_AUTOS = YES_AGGRESSIVE;
				GCC_WARN_UNUSED_FUNCTION = YES;
				GCC_WARN_UNUSED_VARIABLE = YES;
				MTL_ENABLE_DEBUG_INFO = NO;
				MTL_FAST_MATH = YES;
				SWIFT_COMPILATION_MODE = wholemodule;
				SWIFT_OPTIMIZATION_LEVEL = "-O";
			};
			name = Release;
		};
		6253F9F22958E59A003F33A4 /* Debug */ = {
			isa = XCBuildConfiguration;
			buildSettings = {
				ASSETCATALOG_COMPILER_APPICON_NAME = AppIcon;
				ASSETCATALOG_COMPILER_GLOBAL_ACCENT_COLOR_NAME = AccentColor;
				CODE_SIGN_ENTITLEMENTS = MVHS/MVHS.entitlements;
				CODE_SIGN_STYLE = Automatic;
				CURRENT_PROJECT_VERSION = 1;
				DEVELOPMENT_ASSET_PATHS = "\"MVHS/Preview Content\"";
				DEVELOPMENT_TEAM = 2WZXS2AJPY;
				ENABLE_HARDENED_RUNTIME = YES;
				ENABLE_PREVIEWS = YES;
				GENERATE_INFOPLIST_FILE = YES;
				"INFOPLIST_KEY_UIApplicationSceneManifest_Generation[sdk=iphoneos*]" = YES;
				"INFOPLIST_KEY_UIApplicationSceneManifest_Generation[sdk=iphonesimulator*]" = YES;
				"INFOPLIST_KEY_UIApplicationSupportsIndirectInputEvents[sdk=iphoneos*]" = YES;
				"INFOPLIST_KEY_UIApplicationSupportsIndirectInputEvents[sdk=iphonesimulator*]" = YES;
				"INFOPLIST_KEY_UILaunchScreen_Generation[sdk=iphoneos*]" = YES;
				"INFOPLIST_KEY_UILaunchScreen_Generation[sdk=iphonesimulator*]" = YES;
				"INFOPLIST_KEY_UIStatusBarStyle[sdk=iphoneos*]" = UIStatusBarStyleDefault;
				"INFOPLIST_KEY_UIStatusBarStyle[sdk=iphonesimulator*]" = UIStatusBarStyleDefault;
				INFOPLIST_KEY_UISupportedInterfaceOrientations_iPad = "UIInterfaceOrientationPortrait UIInterfaceOrientationPortraitUpsideDown UIInterfaceOrientationLandscapeLeft UIInterfaceOrientationLandscapeRight";
				INFOPLIST_KEY_UISupportedInterfaceOrientations_iPhone = "UIInterfaceOrientationPortrait UIInterfaceOrientationLandscapeLeft UIInterfaceOrientationLandscapeRight";
				IPHONEOS_DEPLOYMENT_TARGET = 16.2;
				LD_RUNPATH_SEARCH_PATHS = "@executable_path/Frameworks";
				"LD_RUNPATH_SEARCH_PATHS[sdk=macosx*]" = "@executable_path/../Frameworks";
				MACOSX_DEPLOYMENT_TARGET = 13.1;
				MARKETING_VERSION = 1.0;
				PRODUCT_BUNDLE_IDENTIFIER = com.CodeForCommunity.MVHS;
				PRODUCT_NAME = "$(TARGET_NAME)";
				SDKROOT = auto;
				SUPPORTED_PLATFORMS = "iphoneos iphonesimulator macosx";
				SWIFT_EMIT_LOC_STRINGS = YES;
				SWIFT_VERSION = 5.0;
				TARGETED_DEVICE_FAMILY = "1,2";
			};
			name = Debug;
		};
		6253F9F32958E59A003F33A4 /* Release */ = {
			isa = XCBuildConfiguration;
			buildSettings = {
				ASSETCATALOG_COMPILER_APPICON_NAME = AppIcon;
				ASSETCATALOG_COMPILER_GLOBAL_ACCENT_COLOR_NAME = AccentColor;
				CODE_SIGN_ENTITLEMENTS = MVHS/MVHS.entitlements;
				CODE_SIGN_STYLE = Automatic;
				CURRENT_PROJECT_VERSION = 1;
				DEVELOPMENT_ASSET_PATHS = "\"MVHS/Preview Content\"";
				DEVELOPMENT_TEAM = 2WZXS2AJPY;
				ENABLE_HARDENED_RUNTIME = YES;
				ENABLE_PREVIEWS = YES;
				GENERATE_INFOPLIST_FILE = YES;
				"INFOPLIST_KEY_UIApplicationSceneManifest_Generation[sdk=iphoneos*]" = YES;
				"INFOPLIST_KEY_UIApplicationSceneManifest_Generation[sdk=iphonesimulator*]" = YES;
				"INFOPLIST_KEY_UIApplicationSupportsIndirectInputEvents[sdk=iphoneos*]" = YES;
				"INFOPLIST_KEY_UIApplicationSupportsIndirectInputEvents[sdk=iphonesimulator*]" = YES;
				"INFOPLIST_KEY_UILaunchScreen_Generation[sdk=iphoneos*]" = YES;
				"INFOPLIST_KEY_UILaunchScreen_Generation[sdk=iphonesimulator*]" = YES;
				"INFOPLIST_KEY_UIStatusBarStyle[sdk=iphoneos*]" = UIStatusBarStyleDefault;
				"INFOPLIST_KEY_UIStatusBarStyle[sdk=iphonesimulator*]" = UIStatusBarStyleDefault;
				INFOPLIST_KEY_UISupportedInterfaceOrientations_iPad = "UIInterfaceOrientationPortrait UIInterfaceOrientationPortraitUpsideDown UIInterfaceOrientationLandscapeLeft UIInterfaceOrientationLandscapeRight";
				INFOPLIST_KEY_UISupportedInterfaceOrientations_iPhone = "UIInterfaceOrientationPortrait UIInterfaceOrientationLandscapeLeft UIInterfaceOrientationLandscapeRight";
				IPHONEOS_DEPLOYMENT_TARGET = 16.2;
				LD_RUNPATH_SEARCH_PATHS = "@executable_path/Frameworks";
				"LD_RUNPATH_SEARCH_PATHS[sdk=macosx*]" = "@executable_path/../Frameworks";
				MACOSX_DEPLOYMENT_TARGET = 13.1;
				MARKETING_VERSION = 1.0;
				PRODUCT_BUNDLE_IDENTIFIER = com.CodeForCommunity.MVHS;
				PRODUCT_NAME = "$(TARGET_NAME)";
				SDKROOT = auto;
				SUPPORTED_PLATFORMS = "iphoneos iphonesimulator macosx";
				SWIFT_EMIT_LOC_STRINGS = YES;
				SWIFT_VERSION = 5.0;
				TARGETED_DEVICE_FAMILY = "1,2";
			};
			name = Release;
		};
		6253F9F52958E59A003F33A4 /* Debug */ = {
			isa = XCBuildConfiguration;
			buildSettings = {
				ALWAYS_EMBED_SWIFT_STANDARD_LIBRARIES = YES;
				BUNDLE_LOADER = "$(TEST_HOST)";
				CODE_SIGN_STYLE = Automatic;
				CURRENT_PROJECT_VERSION = 1;
				DEVELOPMENT_TEAM = 2WZXS2AJPY;
				GENERATE_INFOPLIST_FILE = YES;
				IPHONEOS_DEPLOYMENT_TARGET = 16.2;
				MACOSX_DEPLOYMENT_TARGET = 13.1;
				MARKETING_VERSION = 1.0;
				PRODUCT_BUNDLE_IDENTIFIER = com.CodeForCommunity.MVHSTests;
				PRODUCT_NAME = "$(TARGET_NAME)";
				SDKROOT = auto;
				SUPPORTED_PLATFORMS = "iphoneos iphonesimulator macosx";
				SWIFT_EMIT_LOC_STRINGS = NO;
				SWIFT_VERSION = 5.0;
				TARGETED_DEVICE_FAMILY = "1,2";
				TEST_HOST = "$(BUILT_PRODUCTS_DIR)/MVHS.app/$(BUNDLE_EXECUTABLE_FOLDER_PATH)/MVHS";
			};
			name = Debug;
		};
		6253F9F62958E59A003F33A4 /* Release */ = {
			isa = XCBuildConfiguration;
			buildSettings = {
				ALWAYS_EMBED_SWIFT_STANDARD_LIBRARIES = YES;
				BUNDLE_LOADER = "$(TEST_HOST)";
				CODE_SIGN_STYLE = Automatic;
				CURRENT_PROJECT_VERSION = 1;
				DEVELOPMENT_TEAM = 2WZXS2AJPY;
				GENERATE_INFOPLIST_FILE = YES;
				IPHONEOS_DEPLOYMENT_TARGET = 16.2;
				MACOSX_DEPLOYMENT_TARGET = 13.1;
				MARKETING_VERSION = 1.0;
				PRODUCT_BUNDLE_IDENTIFIER = com.CodeForCommunity.MVHSTests;
				PRODUCT_NAME = "$(TARGET_NAME)";
				SDKROOT = auto;
				SUPPORTED_PLATFORMS = "iphoneos iphonesimulator macosx";
				SWIFT_EMIT_LOC_STRINGS = NO;
				SWIFT_VERSION = 5.0;
				TARGETED_DEVICE_FAMILY = "1,2";
				TEST_HOST = "$(BUILT_PRODUCTS_DIR)/MVHS.app/$(BUNDLE_EXECUTABLE_FOLDER_PATH)/MVHS";
			};
			name = Release;
		};
		6253F9F82958E59A003F33A4 /* Debug */ = {
			isa = XCBuildConfiguration;
			buildSettings = {
				ALWAYS_EMBED_SWIFT_STANDARD_LIBRARIES = YES;
				CODE_SIGN_STYLE = Automatic;
				CURRENT_PROJECT_VERSION = 1;
				DEVELOPMENT_TEAM = 2WZXS2AJPY;
				GENERATE_INFOPLIST_FILE = YES;
				IPHONEOS_DEPLOYMENT_TARGET = 16.2;
				MACOSX_DEPLOYMENT_TARGET = 13.1;
				MARKETING_VERSION = 1.0;
				PRODUCT_BUNDLE_IDENTIFIER = com.CodeForCommunity.MVHSUITests;
				PRODUCT_NAME = "$(TARGET_NAME)";
				SDKROOT = auto;
				SUPPORTED_PLATFORMS = "iphoneos iphonesimulator macosx";
				SWIFT_EMIT_LOC_STRINGS = NO;
				SWIFT_VERSION = 5.0;
				TARGETED_DEVICE_FAMILY = "1,2";
				TEST_TARGET_NAME = MVHS;
			};
			name = Debug;
		};
		6253F9F92958E59A003F33A4 /* Release */ = {
			isa = XCBuildConfiguration;
			buildSettings = {
				ALWAYS_EMBED_SWIFT_STANDARD_LIBRARIES = YES;
				CODE_SIGN_STYLE = Automatic;
				CURRENT_PROJECT_VERSION = 1;
				DEVELOPMENT_TEAM = 2WZXS2AJPY;
				GENERATE_INFOPLIST_FILE = YES;
				IPHONEOS_DEPLOYMENT_TARGET = 16.2;
				MACOSX_DEPLOYMENT_TARGET = 13.1;
				MARKETING_VERSION = 1.0;
				PRODUCT_BUNDLE_IDENTIFIER = com.CodeForCommunity.MVHSUITests;
				PRODUCT_NAME = "$(TARGET_NAME)";
				SDKROOT = auto;
				SUPPORTED_PLATFORMS = "iphoneos iphonesimulator macosx";
				SWIFT_EMIT_LOC_STRINGS = NO;
				SWIFT_VERSION = 5.0;
				TARGETED_DEVICE_FAMILY = "1,2";
				TEST_TARGET_NAME = MVHS;
			};
			name = Release;
		};
/* End XCBuildConfiguration section */

/* Begin XCConfigurationList section */
		6253F9C72958E598003F33A4 /* Build configuration list for PBXProject "MVHS" */ = {
			isa = XCConfigurationList;
			buildConfigurations = (
				6253F9EF2958E59A003F33A4 /* Debug */,
				6253F9F02958E59A003F33A4 /* Release */,
			);
			defaultConfigurationIsVisible = 0;
			defaultConfigurationName = Release;
		};
		6253F9F12958E59A003F33A4 /* Build configuration list for PBXNativeTarget "MVHS" */ = {
			isa = XCConfigurationList;
			buildConfigurations = (
				6253F9F22958E59A003F33A4 /* Debug */,
				6253F9F32958E59A003F33A4 /* Release */,
			);
			defaultConfigurationIsVisible = 0;
			defaultConfigurationName = Release;
		};
		6253F9F42958E59A003F33A4 /* Build configuration list for PBXNativeTarget "MVHSTests" */ = {
			isa = XCConfigurationList;
			buildConfigurations = (
				6253F9F52958E59A003F33A4 /* Debug */,
				6253F9F62958E59A003F33A4 /* Release */,
			);
			defaultConfigurationIsVisible = 0;
			defaultConfigurationName = Release;
		};
		6253F9F72958E59A003F33A4 /* Build configuration list for PBXNativeTarget "MVHSUITests" */ = {
			isa = XCConfigurationList;
			buildConfigurations = (
				6253F9F82958E59A003F33A4 /* Debug */,
				6253F9F92958E59A003F33A4 /* Release */,
			);
			defaultConfigurationIsVisible = 0;
			defaultConfigurationName = Release;
		};
/* End XCConfigurationList section */
	};
	rootObject = 6253F9C42958E598003F33A4 /* Project object */;
}
